
Microsoft Visual Studio Solution File, Format Version 12.00
# Visual Studio 2012
VisualStudioVersion = 14.0.24720.0
MinimumVisualStudioVersion = 10.0.40219.1
Project("{FAE04EC0-301F-11D3-BF4B-00C04F79EFBC}") = "Restaurant", "Restaurant.Client\Restaurant\Restaurant.csproj", "{E59FEEEB-511B-4E00-B23D-993F42BA7692}"
EndProject
Project("{FAE04EC0-301F-11D3-BF4B-00C04F79EFBC}") = "Restaurant.iOS", "Restaurant.Client\Restaurant.iOS\Restaurant.iOS.csproj", "{265E3990-78ED-46FC-BA43-CB9A91006E2A}"
EndProject
Global
	GlobalSection(SolutionConfigurationPlatforms) = preSolution
		Ad-Hoc|Any CPU = Ad-Hoc|Any CPU
		Ad-Hoc|iPhone = Ad-Hoc|iPhone
		Ad-Hoc|iPhoneSimulator = Ad-Hoc|iPhoneSimulator
		AppStore|Any CPU = AppStore|Any CPU
		AppStore|iPhone = AppStore|iPhone
		AppStore|iPhoneSimulator = AppStore|iPhoneSimulator
		Debug|Any CPU = Debug|Any CPU
		Debug|iPhone = Debug|iPhone
		Debug|iPhoneSimulator = Debug|iPhoneSimulator
		Release|Any CPU = Release|Any CPU
		Release|iPhone = Release|iPhone
		Release|iPhoneSimulator = Release|iPhoneSimulator
	EndGlobalSection
	GlobalSection(ProjectConfigurationPlatforms) = postSolution
		{265E3990-78ED-46FC-BA43-CB9A91006E2A}.Ad-Hoc|Any CPU.ActiveCfg = Ad-Hoc|iPhone
		{265E3990-78ED-46FC-BA43-CB9A91006E2A}.Ad-Hoc|iPhone.ActiveCfg = Ad-Hoc|iPhone
		{265E3990-78ED-46FC-BA43-CB9A91006E2A}.Ad-Hoc|iPhone.Build.0 = Ad-Hoc|iPhone
		{265E3990-78ED-46FC-BA43-CB9A91006E2A}.Ad-Hoc|iPhoneSimulator.ActiveCfg = Ad-Hoc|iPhoneSimulator
		{265E3990-78ED-46FC-BA43-CB9A91006E2A}.Ad-Hoc|iPhoneSimulator.Build.0 = Ad-Hoc|iPhoneSimulator
		{265E3990-78ED-46FC-BA43-CB9A91006E2A}.AppStore|Any CPU.ActiveCfg = AppStore|iPhone
		{265E3990-78ED-46FC-BA43-CB9A91006E2A}.AppStore|iPhone.ActiveCfg = AppStore|iPhone
		{265E3990-78ED-46FC-BA43-CB9A91006E2A}.AppStore|iPhone.Build.0 = AppStore|iPhone
		{265E3990-78ED-46FC-BA43-CB9A91006E2A}.AppStore|iPhoneSimulator.ActiveCfg = AppStore|iPhoneSimulator
		{265E3990-78ED-46FC-BA43-CB9A91006E2A}.AppStore|iPhoneSimulator.Build.0 = AppStore|iPhoneSimulator
		{265E3990-78ED-46FC-BA43-CB9A91006E2A}.Debug|Any CPU.ActiveCfg = Debug|iPhone
		{265E3990-78ED-46FC-BA43-CB9A91006E2A}.Debug|Any CPU.Build.0 = Debug|iPhone
		{265E3990-78ED-46FC-BA43-CB9A91006E2A}.Debug|iPhone.ActiveCfg = Debug|iPhone
		{265E3990-78ED-46FC-BA43-CB9A91006E2A}.Debug|iPhone.Build.0 = Debug|iPhone
		{265E3990-78ED-46FC-BA43-CB9A91006E2A}.Debug|iPhoneSimulator.ActiveCfg = Debug|iPhoneSimulator
		{265E3990-78ED-46FC-BA43-CB9A91006E2A}.Debug|iPhoneSimulator.Build.0 = Debug|iPhoneSimulator
		{265E3990-78ED-46FC-BA43-CB9A91006E2A}.Release|Any CPU.ActiveCfg = Release|iPhone
		{265E3990-78ED-46FC-BA43-CB9A91006E2A}.Release|iPhone.ActiveCfg = Release|iPhone
		{265E3990-78ED-46FC-BA43-CB9A91006E2A}.Release|iPhone.Build.0 = Release|iPhone
		{265E3990-78ED-46FC-BA43-CB9A91006E2A}.Release|iPhoneSimulator.ActiveCfg = Release|iPhoneSimulator
		{265E3990-78ED-46FC-BA43-CB9A91006E2A}.Release|iPhoneSimulator.Build.0 = Release|iPhoneSimulator
		{E59FEEEB-511B-4E00-B23D-993F42BA7692}.Ad-Hoc|Any CPU.ActiveCfg = Release|Any CPU
		{E59FEEEB-511B-4E00-B23D-993F42BA7692}.Ad-Hoc|Any CPU.Build.0 = Release|Any CPU
		{E59FEEEB-511B-4E00-B23D-993F42BA7692}.Ad-Hoc|iPhone.ActiveCfg = Release|Any CPU
		{E59FEEEB-511B-4E00-B23D-993F42BA7692}.Ad-Hoc|iPhone.Build.0 = Release|Any CPU
		{E59FEEEB-511B-4E00-B23D-993F42BA7692}.Ad-Hoc|iPhoneSimulator.ActiveCfg = Release|Any CPU
		{E59FEEEB-511B-4E00-B23D-993F42BA7692}.Ad-Hoc|iPhoneSimulator.Build.0 = Release|Any CPU
		{E59FEEEB-511B-4E00-B23D-993F42BA7692}.AppStore|Any CPU.ActiveCfg = Release|Any CPU
		{E59FEEEB-511B-4E00-B23D-993F42BA7692}.AppStore|Any CPU.Build.0 = Release|Any CPU
		{E59FEEEB-511B-4E00-B23D-993F42BA7692}.AppStore|iPhone.ActiveCfg = Release|Any CPU
		{E59FEEEB-511B-4E00-B23D-993F42BA7692}.AppStore|iPhone.Build.0 = Release|Any CPU
		{E59FEEEB-511B-4E00-B23D-993F42BA7692}.AppStore|iPhoneSimulator.ActiveCfg = Release|Any CPU
		{E59FEEEB-511B-4E00-B23D-993F42BA7692}.AppStore|iPhoneSimulator.Build.0 = Release|Any CPU
		{E59FEEEB-511B-4E00-B23D-993F42BA7692}.Debug|Any CPU.ActiveCfg = Debug|Any CPU
		{E59FEEEB-511B-4E00-B23D-993F42BA7692}.Debug|Any CPU.Build.0 = Debug|Any CPU
		{E59FEEEB-511B-4E00-B23D-993F42BA7692}.Debug|iPhone.ActiveCfg = Debug|Any CPU
		{E59FEEEB-511B-4E00-B23D-993F42BA7692}.Debug|iPhone.Build.0 = Debug|Any CPU
		{E59FEEEB-511B-4E00-B23D-993F42BA7692}.Debug|iPhoneSimulator.ActiveCfg = Debug|Any CPU
		{E59FEEEB-511B-4E00-B23D-993F42BA7692}.Debug|iPhoneSimulator.Build.0 = Debug|Any CPU
		{E59FEEEB-511B-4E00-B23D-993F42BA7692}.Release|Any CPU.ActiveCfg = Release|Any CPU
		{E59FEEEB-511B-4E00-B23D-993F42BA7692}.Release|Any CPU.Build.0 = Release|Any CPU
		{E59FEEEB-511B-4E00-B23D-993F42BA7692}.Release|iPhone.ActiveCfg = Release|Any CPU
		{E59FEEEB-511B-4E00-B23D-993F42BA7692}.Release|iPhone.Build.0 = Release|Any CPU
		{E59FEEEB-511B-4E00-B23D-993F42BA7692}.Release|iPhoneSimulator.ActiveCfg = Release|Any CPU
		{E59FEEEB-511B-4E00-B23D-993F42BA7692}.Release|iPhoneSimulator.Build.0 = Release|Any CPU
	EndGlobalSection
	GlobalSection(SolutionProperties) = preSolution
		HideSolutionNode = FALSE
	EndGlobalSection
EndGlobal
