
Microsoft Visual Studio Solution File, Format Version 12.00
# Visual Studio 14
VisualStudioVersion = 14.0.25123.0
MinimumVisualStudioVersion = 10.0.40219.1
Project("{2150E333-8FDC-42A3-9474-1A3956D46DE8}") = "Client", "Client", "{B28E8E8C-959C-4C78-A0E9-775274E708D6}"
EndProject
Project("{FAE04EC0-301F-11D3-BF4B-00C04F79EFBC}") = "Restaurant", "Client\Restaurant.Client\Restaurant\Restaurant.csproj", "{D79C8F36-ECE8-45CE-99C0-C5AF383814B7}"
EndProject
Project("{FAE04EC0-301F-11D3-BF4B-00C04F79EFBC}") = "Restaurant.Droid", "Client\Restaurant.Client\Restaurant.Droid\Restaurant.Droid.csproj", "{991CD768-F51F-42D1-8BC7-1E41248AF04C}"
EndProject
Project("{FAE04EC0-301F-11D3-BF4B-00C04F79EFBC}") = "Restaurant.iOS", "Client\Restaurant.Client\Restaurant.iOS\Restaurant.iOS.csproj", "{EF4AE728-2833-4423-BD03-AA871250B355}"
EndProject
Project("{FAE04EC0-301F-11D3-BF4B-00C04F79EFBC}") = "Restaurant.WinPhone", "Client\Restaurant.Client\Restaurant.WinPhone\Restaurant.WinPhone.csproj", "{F5692972-D73F-4A74-9626-D501033ABC88}"
EndProject
Project("{2150E333-8FDC-42A3-9474-1A3956D46DE8}") = "Server", "Server", "{19434ABE-EB8F-4445-B89C-7F8006FCD704}"
EndProject
Project("{FAE04EC0-301F-11D3-BF4B-00C04F79EFBC}") = "Restaurant.Server", "Server\Restaurant.Server\Restaurant.Server.csproj", "{64F8885B-5848-4409-A3F6-1C4BB796422F}"
EndProject
Project("{FAE04EC0-301F-11D3-BF4B-00C04F79EFBC}") = "Restaurant.Server.Tests", "Server\Restaurant.Server.Tests\Restaurant.Server.Tests.csproj", "{F7EEBDC4-D911-4A33-9C53-3CA01ADF4794}"
EndProject
Project("{FAE04EC0-301F-11D3-BF4B-00C04F79EFBC}") = "Restaurant.Windows", "Client\Restaurant.Client\Restaurant.Windows\Restaurant.Windows.csproj", "{F1EDDE52-2516-47A9-BB66-1856B5538B5A}"
EndProject
Project("{FAE04EC0-301F-11D3-BF4B-00C04F79EFBC}") = "Restaurant.UWP", "Client\Restaurant.Client\Restaurant.UWP\Restaurant.UWP.csproj", "{8E1E17A6-FCA5-4477-B35A-69BD4DFBF9F0}"
EndProject
Project("{FAE04EC0-301F-11D3-BF4B-00C04F79EFBC}") = "Restaurant.Web", "Client\Restaurant.Client\Restaurant.Web\Restaurant.Web.csproj", "{EFC3225B-9044-4A99-9554-11B754BF8171}"
EndProject
Project("{FAE04EC0-301F-11D3-BF4B-00C04F79EFBC}") = "Restaurant.Win81", "Client\Restaurant.Client\Restaurant.Win81\Restaurant.Win81.csproj", "{D13E6576-4448-4BC2-8633-C7F34EF9BEDD}"
EndProject
Project("{2150E333-8FDC-42A3-9474-1A3956D46DE8}") = "Native", "Native", "{B22B0CDA-A509-44EA-A779-BE6CAAF6CA7C}"
EndProject
Project("{2150E333-8FDC-42A3-9474-1A3956D46DE8}") = "Portable", "Portable", "{94C2DEAE-6A8F-43D1-B957-F73E040D6DBD}"
EndProject
Global
	GlobalSection(SolutionConfigurationPlatforms) = preSolution
		Ad-Hoc|Any CPU = Ad-Hoc|Any CPU
		Ad-Hoc|ARM = Ad-Hoc|ARM
		Ad-Hoc|iPhone = Ad-Hoc|iPhone
		Ad-Hoc|iPhoneSimulator = Ad-Hoc|iPhoneSimulator
		Ad-Hoc|x64 = Ad-Hoc|x64
		Ad-Hoc|x86 = Ad-Hoc|x86
		AppStore|Any CPU = AppStore|Any CPU
		AppStore|ARM = AppStore|ARM
		AppStore|iPhone = AppStore|iPhone
		AppStore|iPhoneSimulator = AppStore|iPhoneSimulator
		AppStore|x64 = AppStore|x64
		AppStore|x86 = AppStore|x86
		Debug|Any CPU = Debug|Any CPU
		Debug|ARM = Debug|ARM
		Debug|iPhone = Debug|iPhone
		Debug|iPhoneSimulator = Debug|iPhoneSimulator
		Debug|x64 = Debug|x64
		Debug|x86 = Debug|x86
		Release|Any CPU = Release|Any CPU
		Release|ARM = Release|ARM
		Release|iPhone = Release|iPhone
		Release|iPhoneSimulator = Release|iPhoneSimulator
		Release|x64 = Release|x64
		Release|x86 = Release|x86
	EndGlobalSection
	GlobalSection(ProjectConfigurationPlatforms) = postSolution
		{D79C8F36-ECE8-45CE-99C0-C5AF383814B7}.Ad-Hoc|Any CPU.ActiveCfg = Release|Any CPU
		{D79C8F36-ECE8-45CE-99C0-C5AF383814B7}.Ad-Hoc|Any CPU.Build.0 = Release|Any CPU
		{D79C8F36-ECE8-45CE-99C0-C5AF383814B7}.Ad-Hoc|ARM.ActiveCfg = Release|Any CPU
		{D79C8F36-ECE8-45CE-99C0-C5AF383814B7}.Ad-Hoc|ARM.Build.0 = Release|Any CPU
		{D79C8F36-ECE8-45CE-99C0-C5AF383814B7}.Ad-Hoc|iPhone.ActiveCfg = Release|Any CPU
		{D79C8F36-ECE8-45CE-99C0-C5AF383814B7}.Ad-Hoc|iPhone.Build.0 = Release|Any CPU
		{D79C8F36-ECE8-45CE-99C0-C5AF383814B7}.Ad-Hoc|iPhoneSimulator.ActiveCfg = Release|Any CPU
		{D79C8F36-ECE8-45CE-99C0-C5AF383814B7}.Ad-Hoc|iPhoneSimulator.Build.0 = Release|Any CPU
		{D79C8F36-ECE8-45CE-99C0-C5AF383814B7}.Ad-Hoc|x64.ActiveCfg = Debug|Any CPU
		{D79C8F36-ECE8-45CE-99C0-C5AF383814B7}.Ad-Hoc|x64.Build.0 = Debug|Any CPU
		{D79C8F36-ECE8-45CE-99C0-C5AF383814B7}.Ad-Hoc|x86.ActiveCfg = Release|Any CPU
		{D79C8F36-ECE8-45CE-99C0-C5AF383814B7}.Ad-Hoc|x86.Build.0 = Release|Any CPU
		{D79C8F36-ECE8-45CE-99C0-C5AF383814B7}.AppStore|Any CPU.ActiveCfg = Release|Any CPU
		{D79C8F36-ECE8-45CE-99C0-C5AF383814B7}.AppStore|Any CPU.Build.0 = Release|Any CPU
		{D79C8F36-ECE8-45CE-99C0-C5AF383814B7}.AppStore|ARM.ActiveCfg = Release|Any CPU
		{D79C8F36-ECE8-45CE-99C0-C5AF383814B7}.AppStore|ARM.Build.0 = Release|Any CPU
		{D79C8F36-ECE8-45CE-99C0-C5AF383814B7}.AppStore|iPhone.ActiveCfg = Release|Any CPU
		{D79C8F36-ECE8-45CE-99C0-C5AF383814B7}.AppStore|iPhone.Build.0 = Release|Any CPU
		{D79C8F36-ECE8-45CE-99C0-C5AF383814B7}.AppStore|iPhoneSimulator.ActiveCfg = Release|Any CPU
		{D79C8F36-ECE8-45CE-99C0-C5AF383814B7}.AppStore|iPhoneSimulator.Build.0 = Release|Any CPU
		{D79C8F36-ECE8-45CE-99C0-C5AF383814B7}.AppStore|x64.ActiveCfg = Debug|Any CPU
		{D79C8F36-ECE8-45CE-99C0-C5AF383814B7}.AppStore|x64.Build.0 = Debug|Any CPU
		{D79C8F36-ECE8-45CE-99C0-C5AF383814B7}.AppStore|x86.ActiveCfg = Release|Any CPU
		{D79C8F36-ECE8-45CE-99C0-C5AF383814B7}.AppStore|x86.Build.0 = Release|Any CPU
		{D79C8F36-ECE8-45CE-99C0-C5AF383814B7}.Debug|Any CPU.ActiveCfg = Debug|Any CPU
		{D79C8F36-ECE8-45CE-99C0-C5AF383814B7}.Debug|Any CPU.Build.0 = Debug|Any CPU
		{D79C8F36-ECE8-45CE-99C0-C5AF383814B7}.Debug|ARM.ActiveCfg = Debug|Any CPU
		{D79C8F36-ECE8-45CE-99C0-C5AF383814B7}.Debug|ARM.Build.0 = Debug|Any CPU
		{D79C8F36-ECE8-45CE-99C0-C5AF383814B7}.Debug|iPhone.ActiveCfg = Debug|Any CPU
		{D79C8F36-ECE8-45CE-99C0-C5AF383814B7}.Debug|iPhone.Build.0 = Debug|Any CPU
		{D79C8F36-ECE8-45CE-99C0-C5AF383814B7}.Debug|iPhoneSimulator.ActiveCfg = Debug|Any CPU
		{D79C8F36-ECE8-45CE-99C0-C5AF383814B7}.Debug|iPhoneSimulator.Build.0 = Debug|Any CPU
		{D79C8F36-ECE8-45CE-99C0-C5AF383814B7}.Debug|x64.ActiveCfg = Debug|Any CPU
		{D79C8F36-ECE8-45CE-99C0-C5AF383814B7}.Debug|x64.Build.0 = Debug|Any CPU
		{D79C8F36-ECE8-45CE-99C0-C5AF383814B7}.Debug|x86.ActiveCfg = Debug|Any CPU
		{D79C8F36-ECE8-45CE-99C0-C5AF383814B7}.Debug|x86.Build.0 = Debug|Any CPU
		{D79C8F36-ECE8-45CE-99C0-C5AF383814B7}.Release|Any CPU.ActiveCfg = Release|Any CPU
		{D79C8F36-ECE8-45CE-99C0-C5AF383814B7}.Release|Any CPU.Build.0 = Release|Any CPU
		{D79C8F36-ECE8-45CE-99C0-C5AF383814B7}.Release|ARM.ActiveCfg = Release|Any CPU
		{D79C8F36-ECE8-45CE-99C0-C5AF383814B7}.Release|ARM.Build.0 = Release|Any CPU
		{D79C8F36-ECE8-45CE-99C0-C5AF383814B7}.Release|iPhone.ActiveCfg = Release|Any CPU
		{D79C8F36-ECE8-45CE-99C0-C5AF383814B7}.Release|iPhone.Build.0 = Release|Any CPU
		{D79C8F36-ECE8-45CE-99C0-C5AF383814B7}.Release|iPhoneSimulator.ActiveCfg = Release|Any CPU
		{D79C8F36-ECE8-45CE-99C0-C5AF383814B7}.Release|iPhoneSimulator.Build.0 = Release|Any CPU
		{D79C8F36-ECE8-45CE-99C0-C5AF383814B7}.Release|x64.ActiveCfg = Release|Any CPU
		{D79C8F36-ECE8-45CE-99C0-C5AF383814B7}.Release|x64.Build.0 = Release|Any CPU
		{D79C8F36-ECE8-45CE-99C0-C5AF383814B7}.Release|x86.ActiveCfg = Release|Any CPU
		{D79C8F36-ECE8-45CE-99C0-C5AF383814B7}.Release|x86.Build.0 = Release|Any CPU
		{991CD768-F51F-42D1-8BC7-1E41248AF04C}.Ad-Hoc|Any CPU.ActiveCfg = Release|Any CPU
		{991CD768-F51F-42D1-8BC7-1E41248AF04C}.Ad-Hoc|Any CPU.Build.0 = Release|Any CPU
		{991CD768-F51F-42D1-8BC7-1E41248AF04C}.Ad-Hoc|Any CPU.Deploy.0 = Release|Any CPU
		{991CD768-F51F-42D1-8BC7-1E41248AF04C}.Ad-Hoc|ARM.ActiveCfg = Release|Any CPU
		{991CD768-F51F-42D1-8BC7-1E41248AF04C}.Ad-Hoc|ARM.Build.0 = Release|Any CPU
		{991CD768-F51F-42D1-8BC7-1E41248AF04C}.Ad-Hoc|ARM.Deploy.0 = Release|Any CPU
		{991CD768-F51F-42D1-8BC7-1E41248AF04C}.Ad-Hoc|iPhone.ActiveCfg = Release|Any CPU
		{991CD768-F51F-42D1-8BC7-1E41248AF04C}.Ad-Hoc|iPhone.Build.0 = Release|Any CPU
		{991CD768-F51F-42D1-8BC7-1E41248AF04C}.Ad-Hoc|iPhone.Deploy.0 = Release|Any CPU
		{991CD768-F51F-42D1-8BC7-1E41248AF04C}.Ad-Hoc|iPhoneSimulator.ActiveCfg = Release|Any CPU
		{991CD768-F51F-42D1-8BC7-1E41248AF04C}.Ad-Hoc|iPhoneSimulator.Build.0 = Release|Any CPU
		{991CD768-F51F-42D1-8BC7-1E41248AF04C}.Ad-Hoc|iPhoneSimulator.Deploy.0 = Release|Any CPU
		{991CD768-F51F-42D1-8BC7-1E41248AF04C}.Ad-Hoc|x64.ActiveCfg = Debug|Any CPU
		{991CD768-F51F-42D1-8BC7-1E41248AF04C}.Ad-Hoc|x64.Build.0 = Debug|Any CPU
		{991CD768-F51F-42D1-8BC7-1E41248AF04C}.Ad-Hoc|x64.Deploy.0 = Debug|Any CPU
		{991CD768-F51F-42D1-8BC7-1E41248AF04C}.Ad-Hoc|x86.ActiveCfg = Release|Any CPU
		{991CD768-F51F-42D1-8BC7-1E41248AF04C}.Ad-Hoc|x86.Build.0 = Release|Any CPU
		{991CD768-F51F-42D1-8BC7-1E41248AF04C}.Ad-Hoc|x86.Deploy.0 = Release|Any CPU
		{991CD768-F51F-42D1-8BC7-1E41248AF04C}.AppStore|Any CPU.ActiveCfg = Release|Any CPU
		{991CD768-F51F-42D1-8BC7-1E41248AF04C}.AppStore|Any CPU.Build.0 = Release|Any CPU
		{991CD768-F51F-42D1-8BC7-1E41248AF04C}.AppStore|Any CPU.Deploy.0 = Release|Any CPU
		{991CD768-F51F-42D1-8BC7-1E41248AF04C}.AppStore|ARM.ActiveCfg = Release|Any CPU
		{991CD768-F51F-42D1-8BC7-1E41248AF04C}.AppStore|ARM.Build.0 = Release|Any CPU
		{991CD768-F51F-42D1-8BC7-1E41248AF04C}.AppStore|ARM.Deploy.0 = Release|Any CPU
		{991CD768-F51F-42D1-8BC7-1E41248AF04C}.AppStore|iPhone.ActiveCfg = Release|Any CPU
		{991CD768-F51F-42D1-8BC7-1E41248AF04C}.AppStore|iPhone.Build.0 = Release|Any CPU
		{991CD768-F51F-42D1-8BC7-1E41248AF04C}.AppStore|iPhone.Deploy.0 = Release|Any CPU
		{991CD768-F51F-42D1-8BC7-1E41248AF04C}.AppStore|iPhoneSimulator.ActiveCfg = Release|Any CPU
		{991CD768-F51F-42D1-8BC7-1E41248AF04C}.AppStore|iPhoneSimulator.Build.0 = Release|Any CPU
		{991CD768-F51F-42D1-8BC7-1E41248AF04C}.AppStore|iPhoneSimulator.Deploy.0 = Release|Any CPU
		{991CD768-F51F-42D1-8BC7-1E41248AF04C}.AppStore|x64.ActiveCfg = Debug|Any CPU
		{991CD768-F51F-42D1-8BC7-1E41248AF04C}.AppStore|x64.Build.0 = Debug|Any CPU
		{991CD768-F51F-42D1-8BC7-1E41248AF04C}.AppStore|x64.Deploy.0 = Debug|Any CPU
		{991CD768-F51F-42D1-8BC7-1E41248AF04C}.AppStore|x86.ActiveCfg = Release|Any CPU
		{991CD768-F51F-42D1-8BC7-1E41248AF04C}.AppStore|x86.Build.0 = Release|Any CPU
		{991CD768-F51F-42D1-8BC7-1E41248AF04C}.AppStore|x86.Deploy.0 = Release|Any CPU
		{991CD768-F51F-42D1-8BC7-1E41248AF04C}.Debug|Any CPU.ActiveCfg = Debug|Any CPU
		{991CD768-F51F-42D1-8BC7-1E41248AF04C}.Debug|Any CPU.Build.0 = Debug|Any CPU
		{991CD768-F51F-42D1-8BC7-1E41248AF04C}.Debug|Any CPU.Deploy.0 = Debug|Any CPU
		{991CD768-F51F-42D1-8BC7-1E41248AF04C}.Debug|ARM.ActiveCfg = Debug|Any CPU
		{991CD768-F51F-42D1-8BC7-1E41248AF04C}.Debug|ARM.Build.0 = Debug|Any CPU
		{991CD768-F51F-42D1-8BC7-1E41248AF04C}.Debug|ARM.Deploy.0 = Debug|Any CPU
		{991CD768-F51F-42D1-8BC7-1E41248AF04C}.Debug|iPhone.ActiveCfg = Debug|Any CPU
		{991CD768-F51F-42D1-8BC7-1E41248AF04C}.Debug|iPhone.Build.0 = Debug|Any CPU
		{991CD768-F51F-42D1-8BC7-1E41248AF04C}.Debug|iPhone.Deploy.0 = Debug|Any CPU
		{991CD768-F51F-42D1-8BC7-1E41248AF04C}.Debug|iPhoneSimulator.ActiveCfg = Debug|Any CPU
		{991CD768-F51F-42D1-8BC7-1E41248AF04C}.Debug|iPhoneSimulator.Build.0 = Debug|Any CPU
		{991CD768-F51F-42D1-8BC7-1E41248AF04C}.Debug|iPhoneSimulator.Deploy.0 = Debug|Any CPU
		{991CD768-F51F-42D1-8BC7-1E41248AF04C}.Debug|x64.ActiveCfg = Debug|Any CPU
		{991CD768-F51F-42D1-8BC7-1E41248AF04C}.Debug|x64.Build.0 = Debug|Any CPU
		{991CD768-F51F-42D1-8BC7-1E41248AF04C}.Debug|x64.Deploy.0 = Debug|Any CPU
		{991CD768-F51F-42D1-8BC7-1E41248AF04C}.Debug|x86.ActiveCfg = Debug|Any CPU
		{991CD768-F51F-42D1-8BC7-1E41248AF04C}.Debug|x86.Build.0 = Debug|Any CPU
		{991CD768-F51F-42D1-8BC7-1E41248AF04C}.Debug|x86.Deploy.0 = Debug|Any CPU
		{991CD768-F51F-42D1-8BC7-1E41248AF04C}.Release|Any CPU.ActiveCfg = Release|Any CPU
		{991CD768-F51F-42D1-8BC7-1E41248AF04C}.Release|Any CPU.Build.0 = Release|Any CPU
		{991CD768-F51F-42D1-8BC7-1E41248AF04C}.Release|Any CPU.Deploy.0 = Release|Any CPU
		{991CD768-F51F-42D1-8BC7-1E41248AF04C}.Release|ARM.ActiveCfg = Release|Any CPU
		{991CD768-F51F-42D1-8BC7-1E41248AF04C}.Release|ARM.Build.0 = Release|Any CPU
		{991CD768-F51F-42D1-8BC7-1E41248AF04C}.Release|ARM.Deploy.0 = Release|Any CPU
		{991CD768-F51F-42D1-8BC7-1E41248AF04C}.Release|iPhone.ActiveCfg = Release|Any CPU
		{991CD768-F51F-42D1-8BC7-1E41248AF04C}.Release|iPhone.Build.0 = Release|Any CPU
		{991CD768-F51F-42D1-8BC7-1E41248AF04C}.Release|iPhone.Deploy.0 = Release|Any CPU
		{991CD768-F51F-42D1-8BC7-1E41248AF04C}.Release|iPhoneSimulator.ActiveCfg = Release|Any CPU
		{991CD768-F51F-42D1-8BC7-1E41248AF04C}.Release|iPhoneSimulator.Build.0 = Release|Any CPU
		{991CD768-F51F-42D1-8BC7-1E41248AF04C}.Release|iPhoneSimulator.Deploy.0 = Release|Any CPU
		{991CD768-F51F-42D1-8BC7-1E41248AF04C}.Release|x64.ActiveCfg = Release|Any CPU
		{991CD768-F51F-42D1-8BC7-1E41248AF04C}.Release|x64.Build.0 = Release|Any CPU
		{991CD768-F51F-42D1-8BC7-1E41248AF04C}.Release|x64.Deploy.0 = Release|Any CPU
		{991CD768-F51F-42D1-8BC7-1E41248AF04C}.Release|x86.ActiveCfg = Release|Any CPU
		{991CD768-F51F-42D1-8BC7-1E41248AF04C}.Release|x86.Build.0 = Release|Any CPU
		{991CD768-F51F-42D1-8BC7-1E41248AF04C}.Release|x86.Deploy.0 = Release|Any CPU
		{EF4AE728-2833-4423-BD03-AA871250B355}.Ad-Hoc|Any CPU.ActiveCfg = Ad-Hoc|iPhone
		{EF4AE728-2833-4423-BD03-AA871250B355}.Ad-Hoc|ARM.ActiveCfg = Ad-Hoc|iPhone
		{EF4AE728-2833-4423-BD03-AA871250B355}.Ad-Hoc|iPhone.ActiveCfg = Ad-Hoc|iPhone
		{EF4AE728-2833-4423-BD03-AA871250B355}.Ad-Hoc|iPhone.Build.0 = Ad-Hoc|iPhone
		{EF4AE728-2833-4423-BD03-AA871250B355}.Ad-Hoc|iPhoneSimulator.ActiveCfg = Ad-Hoc|iPhoneSimulator
		{EF4AE728-2833-4423-BD03-AA871250B355}.Ad-Hoc|iPhoneSimulator.Build.0 = Ad-Hoc|iPhoneSimulator
		{EF4AE728-2833-4423-BD03-AA871250B355}.Ad-Hoc|x64.ActiveCfg = Ad-Hoc|iPhoneSimulator
		{EF4AE728-2833-4423-BD03-AA871250B355}.Ad-Hoc|x86.ActiveCfg = Ad-Hoc|iPhone
		{EF4AE728-2833-4423-BD03-AA871250B355}.AppStore|Any CPU.ActiveCfg = AppStore|iPhone
		{EF4AE728-2833-4423-BD03-AA871250B355}.AppStore|ARM.ActiveCfg = AppStore|iPhone
		{EF4AE728-2833-4423-BD03-AA871250B355}.AppStore|iPhone.ActiveCfg = AppStore|iPhone
		{EF4AE728-2833-4423-BD03-AA871250B355}.AppStore|iPhone.Build.0 = AppStore|iPhone
		{EF4AE728-2833-4423-BD03-AA871250B355}.AppStore|iPhoneSimulator.ActiveCfg = AppStore|iPhoneSimulator
		{EF4AE728-2833-4423-BD03-AA871250B355}.AppStore|iPhoneSimulator.Build.0 = AppStore|iPhoneSimulator
		{EF4AE728-2833-4423-BD03-AA871250B355}.AppStore|x64.ActiveCfg = AppStore|iPhoneSimulator
		{EF4AE728-2833-4423-BD03-AA871250B355}.AppStore|x86.ActiveCfg = AppStore|iPhone
		{EF4AE728-2833-4423-BD03-AA871250B355}.Debug|Any CPU.ActiveCfg = Debug|iPhone
		{EF4AE728-2833-4423-BD03-AA871250B355}.Debug|Any CPU.Build.0 = Debug|iPhone
		{EF4AE728-2833-4423-BD03-AA871250B355}.Debug|ARM.ActiveCfg = Debug|iPhone
		{EF4AE728-2833-4423-BD03-AA871250B355}.Debug|iPhone.ActiveCfg = Debug|iPhone
		{EF4AE728-2833-4423-BD03-AA871250B355}.Debug|iPhone.Build.0 = Debug|iPhone
		{EF4AE728-2833-4423-BD03-AA871250B355}.Debug|iPhoneSimulator.ActiveCfg = Debug|iPhoneSimulator
		{EF4AE728-2833-4423-BD03-AA871250B355}.Debug|iPhoneSimulator.Build.0 = Debug|iPhoneSimulator
		{EF4AE728-2833-4423-BD03-AA871250B355}.Debug|x64.ActiveCfg = Debug|iPhoneSimulator
		{EF4AE728-2833-4423-BD03-AA871250B355}.Debug|x86.ActiveCfg = Debug|iPhone
		{EF4AE728-2833-4423-BD03-AA871250B355}.Release|Any CPU.ActiveCfg = Release|iPhone
		{EF4AE728-2833-4423-BD03-AA871250B355}.Release|ARM.ActiveCfg = Release|iPhone
		{EF4AE728-2833-4423-BD03-AA871250B355}.Release|iPhone.ActiveCfg = Release|iPhone
		{EF4AE728-2833-4423-BD03-AA871250B355}.Release|iPhone.Build.0 = Release|iPhone
		{EF4AE728-2833-4423-BD03-AA871250B355}.Release|iPhoneSimulator.ActiveCfg = Release|iPhoneSimulator
		{EF4AE728-2833-4423-BD03-AA871250B355}.Release|iPhoneSimulator.Build.0 = Release|iPhoneSimulator
		{EF4AE728-2833-4423-BD03-AA871250B355}.Release|x64.ActiveCfg = Release|iPhoneSimulator
		{EF4AE728-2833-4423-BD03-AA871250B355}.Release|x86.ActiveCfg = Release|iPhone
		{F5692972-D73F-4A74-9626-D501033ABC88}.Ad-Hoc|Any CPU.ActiveCfg = Release|Any CPU
		{F5692972-D73F-4A74-9626-D501033ABC88}.Ad-Hoc|Any CPU.Build.0 = Release|Any CPU
		{F5692972-D73F-4A74-9626-D501033ABC88}.Ad-Hoc|Any CPU.Deploy.0 = Release|Any CPU
		{F5692972-D73F-4A74-9626-D501033ABC88}.Ad-Hoc|ARM.ActiveCfg = Release|ARM
		{F5692972-D73F-4A74-9626-D501033ABC88}.Ad-Hoc|ARM.Build.0 = Release|ARM
		{F5692972-D73F-4A74-9626-D501033ABC88}.Ad-Hoc|ARM.Deploy.0 = Release|ARM
		{F5692972-D73F-4A74-9626-D501033ABC88}.Ad-Hoc|iPhone.ActiveCfg = Release|Any CPU
		{F5692972-D73F-4A74-9626-D501033ABC88}.Ad-Hoc|iPhone.Build.0 = Release|Any CPU
		{F5692972-D73F-4A74-9626-D501033ABC88}.Ad-Hoc|iPhone.Deploy.0 = Release|Any CPU
		{F5692972-D73F-4A74-9626-D501033ABC88}.Ad-Hoc|iPhoneSimulator.ActiveCfg = Release|Any CPU
		{F5692972-D73F-4A74-9626-D501033ABC88}.Ad-Hoc|iPhoneSimulator.Build.0 = Release|Any CPU
		{F5692972-D73F-4A74-9626-D501033ABC88}.Ad-Hoc|iPhoneSimulator.Deploy.0 = Release|Any CPU
		{F5692972-D73F-4A74-9626-D501033ABC88}.Ad-Hoc|x64.ActiveCfg = Debug|Any CPU
		{F5692972-D73F-4A74-9626-D501033ABC88}.Ad-Hoc|x64.Build.0 = Debug|Any CPU
		{F5692972-D73F-4A74-9626-D501033ABC88}.Ad-Hoc|x64.Deploy.0 = Debug|Any CPU
		{F5692972-D73F-4A74-9626-D501033ABC88}.Ad-Hoc|x86.ActiveCfg = Release|x86
		{F5692972-D73F-4A74-9626-D501033ABC88}.Ad-Hoc|x86.Build.0 = Release|x86
		{F5692972-D73F-4A74-9626-D501033ABC88}.Ad-Hoc|x86.Deploy.0 = Release|x86
		{F5692972-D73F-4A74-9626-D501033ABC88}.AppStore|Any CPU.ActiveCfg = Release|Any CPU
		{F5692972-D73F-4A74-9626-D501033ABC88}.AppStore|Any CPU.Build.0 = Release|Any CPU
		{F5692972-D73F-4A74-9626-D501033ABC88}.AppStore|Any CPU.Deploy.0 = Release|Any CPU
		{F5692972-D73F-4A74-9626-D501033ABC88}.AppStore|ARM.ActiveCfg = Release|ARM
		{F5692972-D73F-4A74-9626-D501033ABC88}.AppStore|ARM.Build.0 = Release|ARM
		{F5692972-D73F-4A74-9626-D501033ABC88}.AppStore|ARM.Deploy.0 = Release|ARM
		{F5692972-D73F-4A74-9626-D501033ABC88}.AppStore|iPhone.ActiveCfg = Release|Any CPU
		{F5692972-D73F-4A74-9626-D501033ABC88}.AppStore|iPhone.Build.0 = Release|Any CPU
		{F5692972-D73F-4A74-9626-D501033ABC88}.AppStore|iPhone.Deploy.0 = Release|Any CPU
		{F5692972-D73F-4A74-9626-D501033ABC88}.AppStore|iPhoneSimulator.ActiveCfg = Release|Any CPU
		{F5692972-D73F-4A74-9626-D501033ABC88}.AppStore|iPhoneSimulator.Build.0 = Release|Any CPU
		{F5692972-D73F-4A74-9626-D501033ABC88}.AppStore|iPhoneSimulator.Deploy.0 = Release|Any CPU
		{F5692972-D73F-4A74-9626-D501033ABC88}.AppStore|x64.ActiveCfg = Debug|Any CPU
		{F5692972-D73F-4A74-9626-D501033ABC88}.AppStore|x64.Build.0 = Debug|Any CPU
		{F5692972-D73F-4A74-9626-D501033ABC88}.AppStore|x64.Deploy.0 = Debug|Any CPU
		{F5692972-D73F-4A74-9626-D501033ABC88}.AppStore|x86.ActiveCfg = Release|x86
		{F5692972-D73F-4A74-9626-D501033ABC88}.AppStore|x86.Build.0 = Release|x86
		{F5692972-D73F-4A74-9626-D501033ABC88}.AppStore|x86.Deploy.0 = Release|x86
		{F5692972-D73F-4A74-9626-D501033ABC88}.Debug|Any CPU.ActiveCfg = Debug|Any CPU
		{F5692972-D73F-4A74-9626-D501033ABC88}.Debug|Any CPU.Build.0 = Debug|Any CPU
		{F5692972-D73F-4A74-9626-D501033ABC88}.Debug|Any CPU.Deploy.0 = Debug|Any CPU
		{F5692972-D73F-4A74-9626-D501033ABC88}.Debug|ARM.ActiveCfg = Debug|ARM
		{F5692972-D73F-4A74-9626-D501033ABC88}.Debug|ARM.Build.0 = Debug|ARM
		{F5692972-D73F-4A74-9626-D501033ABC88}.Debug|ARM.Deploy.0 = Debug|ARM
		{F5692972-D73F-4A74-9626-D501033ABC88}.Debug|iPhone.ActiveCfg = Debug|Any CPU
		{F5692972-D73F-4A74-9626-D501033ABC88}.Debug|iPhone.Build.0 = Debug|Any CPU
		{F5692972-D73F-4A74-9626-D501033ABC88}.Debug|iPhone.Deploy.0 = Debug|Any CPU
		{F5692972-D73F-4A74-9626-D501033ABC88}.Debug|iPhoneSimulator.ActiveCfg = Debug|Any CPU
		{F5692972-D73F-4A74-9626-D501033ABC88}.Debug|iPhoneSimulator.Build.0 = Debug|Any CPU
		{F5692972-D73F-4A74-9626-D501033ABC88}.Debug|iPhoneSimulator.Deploy.0 = Debug|Any CPU
		{F5692972-D73F-4A74-9626-D501033ABC88}.Debug|x64.ActiveCfg = Debug|Any CPU
		{F5692972-D73F-4A74-9626-D501033ABC88}.Debug|x64.Build.0 = Debug|Any CPU
		{F5692972-D73F-4A74-9626-D501033ABC88}.Debug|x64.Deploy.0 = Debug|Any CPU
		{F5692972-D73F-4A74-9626-D501033ABC88}.Debug|x86.ActiveCfg = Debug|x86
		{F5692972-D73F-4A74-9626-D501033ABC88}.Debug|x86.Build.0 = Debug|x86
		{F5692972-D73F-4A74-9626-D501033ABC88}.Debug|x86.Deploy.0 = Debug|x86
		{F5692972-D73F-4A74-9626-D501033ABC88}.Release|Any CPU.ActiveCfg = Release|Any CPU
		{F5692972-D73F-4A74-9626-D501033ABC88}.Release|Any CPU.Build.0 = Release|Any CPU
		{F5692972-D73F-4A74-9626-D501033ABC88}.Release|Any CPU.Deploy.0 = Release|Any CPU
		{F5692972-D73F-4A74-9626-D501033ABC88}.Release|ARM.ActiveCfg = Release|ARM
		{F5692972-D73F-4A74-9626-D501033ABC88}.Release|ARM.Build.0 = Release|ARM
		{F5692972-D73F-4A74-9626-D501033ABC88}.Release|ARM.Deploy.0 = Release|ARM
		{F5692972-D73F-4A74-9626-D501033ABC88}.Release|iPhone.ActiveCfg = Release|Any CPU
		{F5692972-D73F-4A74-9626-D501033ABC88}.Release|iPhone.Build.0 = Release|Any CPU
		{F5692972-D73F-4A74-9626-D501033ABC88}.Release|iPhone.Deploy.0 = Release|Any CPU
		{F5692972-D73F-4A74-9626-D501033ABC88}.Release|iPhoneSimulator.ActiveCfg = Release|Any CPU
		{F5692972-D73F-4A74-9626-D501033ABC88}.Release|iPhoneSimulator.Build.0 = Release|Any CPU
		{F5692972-D73F-4A74-9626-D501033ABC88}.Release|iPhoneSimulator.Deploy.0 = Release|Any CPU
		{F5692972-D73F-4A74-9626-D501033ABC88}.Release|x64.ActiveCfg = Release|Any CPU
		{F5692972-D73F-4A74-9626-D501033ABC88}.Release|x64.Build.0 = Release|Any CPU
		{F5692972-D73F-4A74-9626-D501033ABC88}.Release|x64.Deploy.0 = Release|Any CPU
		{F5692972-D73F-4A74-9626-D501033ABC88}.Release|x86.ActiveCfg = Release|x86
		{F5692972-D73F-4A74-9626-D501033ABC88}.Release|x86.Build.0 = Release|x86
		{F5692972-D73F-4A74-9626-D501033ABC88}.Release|x86.Deploy.0 = Release|x86
		{64F8885B-5848-4409-A3F6-1C4BB796422F}.Ad-Hoc|Any CPU.ActiveCfg = Release|Any CPU
		{64F8885B-5848-4409-A3F6-1C4BB796422F}.Ad-Hoc|Any CPU.Build.0 = Release|Any CPU
		{64F8885B-5848-4409-A3F6-1C4BB796422F}.Ad-Hoc|ARM.ActiveCfg = Release|Any CPU
		{64F8885B-5848-4409-A3F6-1C4BB796422F}.Ad-Hoc|ARM.Build.0 = Release|Any CPU
		{64F8885B-5848-4409-A3F6-1C4BB796422F}.Ad-Hoc|iPhone.ActiveCfg = Release|Any CPU
		{64F8885B-5848-4409-A3F6-1C4BB796422F}.Ad-Hoc|iPhone.Build.0 = Release|Any CPU
		{64F8885B-5848-4409-A3F6-1C4BB796422F}.Ad-Hoc|iPhoneSimulator.ActiveCfg = Release|Any CPU
		{64F8885B-5848-4409-A3F6-1C4BB796422F}.Ad-Hoc|iPhoneSimulator.Build.0 = Release|Any CPU
		{64F8885B-5848-4409-A3F6-1C4BB796422F}.Ad-Hoc|x64.ActiveCfg = Debug|Any CPU
		{64F8885B-5848-4409-A3F6-1C4BB796422F}.Ad-Hoc|x86.ActiveCfg = Release|Any CPU
		{64F8885B-5848-4409-A3F6-1C4BB796422F}.Ad-Hoc|x86.Build.0 = Release|Any CPU
		{64F8885B-5848-4409-A3F6-1C4BB796422F}.AppStore|Any CPU.ActiveCfg = Release|Any CPU
		{64F8885B-5848-4409-A3F6-1C4BB796422F}.AppStore|Any CPU.Build.0 = Release|Any CPU
		{64F8885B-5848-4409-A3F6-1C4BB796422F}.AppStore|ARM.ActiveCfg = Release|Any CPU
		{64F8885B-5848-4409-A3F6-1C4BB796422F}.AppStore|ARM.Build.0 = Release|Any CPU
		{64F8885B-5848-4409-A3F6-1C4BB796422F}.AppStore|iPhone.ActiveCfg = Release|Any CPU
		{64F8885B-5848-4409-A3F6-1C4BB796422F}.AppStore|iPhone.Build.0 = Release|Any CPU
		{64F8885B-5848-4409-A3F6-1C4BB796422F}.AppStore|iPhoneSimulator.ActiveCfg = Release|Any CPU
		{64F8885B-5848-4409-A3F6-1C4BB796422F}.AppStore|iPhoneSimulator.Build.0 = Release|Any CPU
		{64F8885B-5848-4409-A3F6-1C4BB796422F}.AppStore|x64.ActiveCfg = Debug|Any CPU
		{64F8885B-5848-4409-A3F6-1C4BB796422F}.AppStore|x86.ActiveCfg = Release|Any CPU
		{64F8885B-5848-4409-A3F6-1C4BB796422F}.AppStore|x86.Build.0 = Release|Any CPU
		{64F8885B-5848-4409-A3F6-1C4BB796422F}.Debug|Any CPU.ActiveCfg = Debug|Any CPU
		{64F8885B-5848-4409-A3F6-1C4BB796422F}.Debug|Any CPU.Build.0 = Debug|Any CPU
		{64F8885B-5848-4409-A3F6-1C4BB796422F}.Debug|ARM.ActiveCfg = Debug|Any CPU
		{64F8885B-5848-4409-A3F6-1C4BB796422F}.Debug|ARM.Build.0 = Debug|Any CPU
		{64F8885B-5848-4409-A3F6-1C4BB796422F}.Debug|iPhone.ActiveCfg = Debug|Any CPU
		{64F8885B-5848-4409-A3F6-1C4BB796422F}.Debug|iPhone.Build.0 = Debug|Any CPU
		{64F8885B-5848-4409-A3F6-1C4BB796422F}.Debug|iPhoneSimulator.ActiveCfg = Debug|Any CPU
		{64F8885B-5848-4409-A3F6-1C4BB796422F}.Debug|iPhoneSimulator.Build.0 = Debug|Any CPU
		{64F8885B-5848-4409-A3F6-1C4BB796422F}.Debug|x64.ActiveCfg = Debug|Any CPU
		{64F8885B-5848-4409-A3F6-1C4BB796422F}.Debug|x86.ActiveCfg = Debug|Any CPU
		{64F8885B-5848-4409-A3F6-1C4BB796422F}.Debug|x86.Build.0 = Debug|Any CPU
		{64F8885B-5848-4409-A3F6-1C4BB796422F}.Release|Any CPU.ActiveCfg = Release|Any CPU
		{64F8885B-5848-4409-A3F6-1C4BB796422F}.Release|Any CPU.Build.0 = Release|Any CPU
		{64F8885B-5848-4409-A3F6-1C4BB796422F}.Release|ARM.ActiveCfg = Release|Any CPU
		{64F8885B-5848-4409-A3F6-1C4BB796422F}.Release|ARM.Build.0 = Release|Any CPU
		{64F8885B-5848-4409-A3F6-1C4BB796422F}.Release|iPhone.ActiveCfg = Release|Any CPU
		{64F8885B-5848-4409-A3F6-1C4BB796422F}.Release|iPhone.Build.0 = Release|Any CPU
		{64F8885B-5848-4409-A3F6-1C4BB796422F}.Release|iPhoneSimulator.ActiveCfg = Release|Any CPU
		{64F8885B-5848-4409-A3F6-1C4BB796422F}.Release|iPhoneSimulator.Build.0 = Release|Any CPU
		{64F8885B-5848-4409-A3F6-1C4BB796422F}.Release|x64.ActiveCfg = Release|Any CPU
		{64F8885B-5848-4409-A3F6-1C4BB796422F}.Release|x86.ActiveCfg = Release|Any CPU
		{64F8885B-5848-4409-A3F6-1C4BB796422F}.Release|x86.Build.0 = Release|Any CPU
		{F7EEBDC4-D911-4A33-9C53-3CA01ADF4794}.Ad-Hoc|Any CPU.ActiveCfg = Release|Any CPU
		{F7EEBDC4-D911-4A33-9C53-3CA01ADF4794}.Ad-Hoc|Any CPU.Build.0 = Release|Any CPU
		{F7EEBDC4-D911-4A33-9C53-3CA01ADF4794}.Ad-Hoc|ARM.ActiveCfg = Release|Any CPU
		{F7EEBDC4-D911-4A33-9C53-3CA01ADF4794}.Ad-Hoc|ARM.Build.0 = Release|Any CPU
		{F7EEBDC4-D911-4A33-9C53-3CA01ADF4794}.Ad-Hoc|iPhone.ActiveCfg = Release|Any CPU
		{F7EEBDC4-D911-4A33-9C53-3CA01ADF4794}.Ad-Hoc|iPhone.Build.0 = Release|Any CPU
		{F7EEBDC4-D911-4A33-9C53-3CA01ADF4794}.Ad-Hoc|iPhoneSimulator.ActiveCfg = Release|Any CPU
		{F7EEBDC4-D911-4A33-9C53-3CA01ADF4794}.Ad-Hoc|iPhoneSimulator.Build.0 = Release|Any CPU
		{F7EEBDC4-D911-4A33-9C53-3CA01ADF4794}.Ad-Hoc|x64.ActiveCfg = Debug|Any CPU
		{F7EEBDC4-D911-4A33-9C53-3CA01ADF4794}.Ad-Hoc|x86.ActiveCfg = Release|Any CPU
		{F7EEBDC4-D911-4A33-9C53-3CA01ADF4794}.Ad-Hoc|x86.Build.0 = Release|Any CPU
		{F7EEBDC4-D911-4A33-9C53-3CA01ADF4794}.AppStore|Any CPU.ActiveCfg = Release|Any CPU
		{F7EEBDC4-D911-4A33-9C53-3CA01ADF4794}.AppStore|Any CPU.Build.0 = Release|Any CPU
		{F7EEBDC4-D911-4A33-9C53-3CA01ADF4794}.AppStore|ARM.ActiveCfg = Release|Any CPU
		{F7EEBDC4-D911-4A33-9C53-3CA01ADF4794}.AppStore|ARM.Build.0 = Release|Any CPU
		{F7EEBDC4-D911-4A33-9C53-3CA01ADF4794}.AppStore|iPhone.ActiveCfg = Release|Any CPU
		{F7EEBDC4-D911-4A33-9C53-3CA01ADF4794}.AppStore|iPhone.Build.0 = Release|Any CPU
		{F7EEBDC4-D911-4A33-9C53-3CA01ADF4794}.AppStore|iPhoneSimulator.ActiveCfg = Release|Any CPU
		{F7EEBDC4-D911-4A33-9C53-3CA01ADF4794}.AppStore|iPhoneSimulator.Build.0 = Release|Any CPU
		{F7EEBDC4-D911-4A33-9C53-3CA01ADF4794}.AppStore|x64.ActiveCfg = Debug|Any CPU
		{F7EEBDC4-D911-4A33-9C53-3CA01ADF4794}.AppStore|x86.ActiveCfg = Release|Any CPU
		{F7EEBDC4-D911-4A33-9C53-3CA01ADF4794}.AppStore|x86.Build.0 = Release|Any CPU
		{F7EEBDC4-D911-4A33-9C53-3CA01ADF4794}.Debug|Any CPU.ActiveCfg = Debug|Any CPU
		{F7EEBDC4-D911-4A33-9C53-3CA01ADF4794}.Debug|Any CPU.Build.0 = Debug|Any CPU
		{F7EEBDC4-D911-4A33-9C53-3CA01ADF4794}.Debug|ARM.ActiveCfg = Debug|Any CPU
		{F7EEBDC4-D911-4A33-9C53-3CA01ADF4794}.Debug|ARM.Build.0 = Debug|Any CPU
		{F7EEBDC4-D911-4A33-9C53-3CA01ADF4794}.Debug|iPhone.ActiveCfg = Debug|Any CPU
		{F7EEBDC4-D911-4A33-9C53-3CA01ADF4794}.Debug|iPhone.Build.0 = Debug|Any CPU
		{F7EEBDC4-D911-4A33-9C53-3CA01ADF4794}.Debug|iPhoneSimulator.ActiveCfg = Debug|Any CPU
		{F7EEBDC4-D911-4A33-9C53-3CA01ADF4794}.Debug|iPhoneSimulator.Build.0 = Debug|Any CPU
		{F7EEBDC4-D911-4A33-9C53-3CA01ADF4794}.Debug|x64.ActiveCfg = Debug|Any CPU
		{F7EEBDC4-D911-4A33-9C53-3CA01ADF4794}.Debug|x86.ActiveCfg = Debug|Any CPU
		{F7EEBDC4-D911-4A33-9C53-3CA01ADF4794}.Debug|x86.Build.0 = Debug|Any CPU
		{F7EEBDC4-D911-4A33-9C53-3CA01ADF4794}.Release|Any CPU.ActiveCfg = Release|Any CPU
		{F7EEBDC4-D911-4A33-9C53-3CA01ADF4794}.Release|Any CPU.Build.0 = Release|Any CPU
		{F7EEBDC4-D911-4A33-9C53-3CA01ADF4794}.Release|ARM.ActiveCfg = Release|Any CPU
		{F7EEBDC4-D911-4A33-9C53-3CA01ADF4794}.Release|ARM.Build.0 = Release|Any CPU
		{F7EEBDC4-D911-4A33-9C53-3CA01ADF4794}.Release|iPhone.ActiveCfg = Release|Any CPU
		{F7EEBDC4-D911-4A33-9C53-3CA01ADF4794}.Release|iPhone.Build.0 = Release|Any CPU
		{F7EEBDC4-D911-4A33-9C53-3CA01ADF4794}.Release|iPhoneSimulator.ActiveCfg = Release|Any CPU
		{F7EEBDC4-D911-4A33-9C53-3CA01ADF4794}.Release|iPhoneSimulator.Build.0 = Release|Any CPU
		{F7EEBDC4-D911-4A33-9C53-3CA01ADF4794}.Release|x64.ActiveCfg = Release|Any CPU
		{F7EEBDC4-D911-4A33-9C53-3CA01ADF4794}.Release|x86.ActiveCfg = Release|Any CPU
		{F7EEBDC4-D911-4A33-9C53-3CA01ADF4794}.Release|x86.Build.0 = Release|Any CPU
		{F1EDDE52-2516-47A9-BB66-1856B5538B5A}.Ad-Hoc|Any CPU.ActiveCfg = Release|Any CPU
		{F1EDDE52-2516-47A9-BB66-1856B5538B5A}.Ad-Hoc|Any CPU.Build.0 = Release|Any CPU
		{F1EDDE52-2516-47A9-BB66-1856B5538B5A}.Ad-Hoc|ARM.ActiveCfg = Release|Any CPU
		{F1EDDE52-2516-47A9-BB66-1856B5538B5A}.Ad-Hoc|ARM.Build.0 = Release|Any CPU
		{F1EDDE52-2516-47A9-BB66-1856B5538B5A}.Ad-Hoc|iPhone.ActiveCfg = Release|Any CPU
		{F1EDDE52-2516-47A9-BB66-1856B5538B5A}.Ad-Hoc|iPhone.Build.0 = Release|Any CPU
		{F1EDDE52-2516-47A9-BB66-1856B5538B5A}.Ad-Hoc|iPhoneSimulator.ActiveCfg = Release|Any CPU
		{F1EDDE52-2516-47A9-BB66-1856B5538B5A}.Ad-Hoc|iPhoneSimulator.Build.0 = Release|Any CPU
		{F1EDDE52-2516-47A9-BB66-1856B5538B5A}.Ad-Hoc|x64.ActiveCfg = Debug|Any CPU
		{F1EDDE52-2516-47A9-BB66-1856B5538B5A}.Ad-Hoc|x64.Build.0 = Debug|Any CPU
		{F1EDDE52-2516-47A9-BB66-1856B5538B5A}.Ad-Hoc|x86.ActiveCfg = Release|Any CPU
		{F1EDDE52-2516-47A9-BB66-1856B5538B5A}.Ad-Hoc|x86.Build.0 = Release|Any CPU
		{F1EDDE52-2516-47A9-BB66-1856B5538B5A}.AppStore|Any CPU.ActiveCfg = Release|Any CPU
		{F1EDDE52-2516-47A9-BB66-1856B5538B5A}.AppStore|Any CPU.Build.0 = Release|Any CPU
		{F1EDDE52-2516-47A9-BB66-1856B5538B5A}.AppStore|ARM.ActiveCfg = Release|Any CPU
		{F1EDDE52-2516-47A9-BB66-1856B5538B5A}.AppStore|ARM.Build.0 = Release|Any CPU
		{F1EDDE52-2516-47A9-BB66-1856B5538B5A}.AppStore|iPhone.ActiveCfg = Release|Any CPU
		{F1EDDE52-2516-47A9-BB66-1856B5538B5A}.AppStore|iPhone.Build.0 = Release|Any CPU
		{F1EDDE52-2516-47A9-BB66-1856B5538B5A}.AppStore|iPhoneSimulator.ActiveCfg = Release|Any CPU
		{F1EDDE52-2516-47A9-BB66-1856B5538B5A}.AppStore|iPhoneSimulator.Build.0 = Release|Any CPU
		{F1EDDE52-2516-47A9-BB66-1856B5538B5A}.AppStore|x64.ActiveCfg = Debug|Any CPU
		{F1EDDE52-2516-47A9-BB66-1856B5538B5A}.AppStore|x64.Build.0 = Debug|Any CPU
		{F1EDDE52-2516-47A9-BB66-1856B5538B5A}.AppStore|x86.ActiveCfg = Release|Any CPU
		{F1EDDE52-2516-47A9-BB66-1856B5538B5A}.AppStore|x86.Build.0 = Release|Any CPU
		{F1EDDE52-2516-47A9-BB66-1856B5538B5A}.Debug|Any CPU.ActiveCfg = Debug|Any CPU
		{F1EDDE52-2516-47A9-BB66-1856B5538B5A}.Debug|Any CPU.Build.0 = Debug|Any CPU
		{F1EDDE52-2516-47A9-BB66-1856B5538B5A}.Debug|ARM.ActiveCfg = Debug|Any CPU
		{F1EDDE52-2516-47A9-BB66-1856B5538B5A}.Debug|ARM.Build.0 = Debug|Any CPU
		{F1EDDE52-2516-47A9-BB66-1856B5538B5A}.Debug|iPhone.ActiveCfg = Debug|Any CPU
		{F1EDDE52-2516-47A9-BB66-1856B5538B5A}.Debug|iPhone.Build.0 = Debug|Any CPU
		{F1EDDE52-2516-47A9-BB66-1856B5538B5A}.Debug|iPhoneSimulator.ActiveCfg = Debug|Any CPU
		{F1EDDE52-2516-47A9-BB66-1856B5538B5A}.Debug|iPhoneSimulator.Build.0 = Debug|Any CPU
		{F1EDDE52-2516-47A9-BB66-1856B5538B5A}.Debug|x64.ActiveCfg = Debug|Any CPU
		{F1EDDE52-2516-47A9-BB66-1856B5538B5A}.Debug|x64.Build.0 = Debug|Any CPU
		{F1EDDE52-2516-47A9-BB66-1856B5538B5A}.Debug|x86.ActiveCfg = Debug|Any CPU
		{F1EDDE52-2516-47A9-BB66-1856B5538B5A}.Debug|x86.Build.0 = Debug|Any CPU
		{F1EDDE52-2516-47A9-BB66-1856B5538B5A}.Release|Any CPU.ActiveCfg = Release|Any CPU
		{F1EDDE52-2516-47A9-BB66-1856B5538B5A}.Release|Any CPU.Build.0 = Release|Any CPU
		{F1EDDE52-2516-47A9-BB66-1856B5538B5A}.Release|ARM.ActiveCfg = Release|Any CPU
		{F1EDDE52-2516-47A9-BB66-1856B5538B5A}.Release|ARM.Build.0 = Release|Any CPU
		{F1EDDE52-2516-47A9-BB66-1856B5538B5A}.Release|iPhone.ActiveCfg = Release|Any CPU
		{F1EDDE52-2516-47A9-BB66-1856B5538B5A}.Release|iPhone.Build.0 = Release|Any CPU
		{F1EDDE52-2516-47A9-BB66-1856B5538B5A}.Release|iPhoneSimulator.ActiveCfg = Release|Any CPU
		{F1EDDE52-2516-47A9-BB66-1856B5538B5A}.Release|iPhoneSimulator.Build.0 = Release|Any CPU
		{F1EDDE52-2516-47A9-BB66-1856B5538B5A}.Release|x64.ActiveCfg = Release|Any CPU
		{F1EDDE52-2516-47A9-BB66-1856B5538B5A}.Release|x64.Build.0 = Release|Any CPU
		{F1EDDE52-2516-47A9-BB66-1856B5538B5A}.Release|x86.ActiveCfg = Release|Any CPU
		{F1EDDE52-2516-47A9-BB66-1856B5538B5A}.Release|x86.Build.0 = Release|Any CPU
		{8E1E17A6-FCA5-4477-B35A-69BD4DFBF9F0}.Ad-Hoc|Any CPU.ActiveCfg = Release|x64
		{8E1E17A6-FCA5-4477-B35A-69BD4DFBF9F0}.Ad-Hoc|Any CPU.Build.0 = Release|x64
		{8E1E17A6-FCA5-4477-B35A-69BD4DFBF9F0}.Ad-Hoc|Any CPU.Deploy.0 = Release|x64
		{8E1E17A6-FCA5-4477-B35A-69BD4DFBF9F0}.Ad-Hoc|ARM.ActiveCfg = Release|ARM
		{8E1E17A6-FCA5-4477-B35A-69BD4DFBF9F0}.Ad-Hoc|ARM.Build.0 = Release|ARM
		{8E1E17A6-FCA5-4477-B35A-69BD4DFBF9F0}.Ad-Hoc|ARM.Deploy.0 = Release|ARM
		{8E1E17A6-FCA5-4477-B35A-69BD4DFBF9F0}.Ad-Hoc|iPhone.ActiveCfg = Release|x64
		{8E1E17A6-FCA5-4477-B35A-69BD4DFBF9F0}.Ad-Hoc|iPhone.Build.0 = Release|x64
		{8E1E17A6-FCA5-4477-B35A-69BD4DFBF9F0}.Ad-Hoc|iPhone.Deploy.0 = Release|x64
		{8E1E17A6-FCA5-4477-B35A-69BD4DFBF9F0}.Ad-Hoc|iPhoneSimulator.ActiveCfg = Release|x64
		{8E1E17A6-FCA5-4477-B35A-69BD4DFBF9F0}.Ad-Hoc|iPhoneSimulator.Build.0 = Release|x64
		{8E1E17A6-FCA5-4477-B35A-69BD4DFBF9F0}.Ad-Hoc|iPhoneSimulator.Deploy.0 = Release|x64
		{8E1E17A6-FCA5-4477-B35A-69BD4DFBF9F0}.Ad-Hoc|x64.ActiveCfg = Release|x64
		{8E1E17A6-FCA5-4477-B35A-69BD4DFBF9F0}.Ad-Hoc|x64.Build.0 = Release|x64
		{8E1E17A6-FCA5-4477-B35A-69BD4DFBF9F0}.Ad-Hoc|x64.Deploy.0 = Release|x64
		{8E1E17A6-FCA5-4477-B35A-69BD4DFBF9F0}.Ad-Hoc|x86.ActiveCfg = Release|x86
		{8E1E17A6-FCA5-4477-B35A-69BD4DFBF9F0}.Ad-Hoc|x86.Build.0 = Release|x86
		{8E1E17A6-FCA5-4477-B35A-69BD4DFBF9F0}.Ad-Hoc|x86.Deploy.0 = Release|x86
		{8E1E17A6-FCA5-4477-B35A-69BD4DFBF9F0}.AppStore|Any CPU.ActiveCfg = Release|x64
		{8E1E17A6-FCA5-4477-B35A-69BD4DFBF9F0}.AppStore|Any CPU.Build.0 = Release|x64
		{8E1E17A6-FCA5-4477-B35A-69BD4DFBF9F0}.AppStore|Any CPU.Deploy.0 = Release|x64
		{8E1E17A6-FCA5-4477-B35A-69BD4DFBF9F0}.AppStore|ARM.ActiveCfg = Release|ARM
		{8E1E17A6-FCA5-4477-B35A-69BD4DFBF9F0}.AppStore|ARM.Build.0 = Release|ARM
		{8E1E17A6-FCA5-4477-B35A-69BD4DFBF9F0}.AppStore|ARM.Deploy.0 = Release|ARM
		{8E1E17A6-FCA5-4477-B35A-69BD4DFBF9F0}.AppStore|iPhone.ActiveCfg = Release|x64
		{8E1E17A6-FCA5-4477-B35A-69BD4DFBF9F0}.AppStore|iPhone.Build.0 = Release|x64
		{8E1E17A6-FCA5-4477-B35A-69BD4DFBF9F0}.AppStore|iPhone.Deploy.0 = Release|x64
		{8E1E17A6-FCA5-4477-B35A-69BD4DFBF9F0}.AppStore|iPhoneSimulator.ActiveCfg = Release|x64
		{8E1E17A6-FCA5-4477-B35A-69BD4DFBF9F0}.AppStore|iPhoneSimulator.Build.0 = Release|x64
		{8E1E17A6-FCA5-4477-B35A-69BD4DFBF9F0}.AppStore|iPhoneSimulator.Deploy.0 = Release|x64
		{8E1E17A6-FCA5-4477-B35A-69BD4DFBF9F0}.AppStore|x64.ActiveCfg = Release|x64
		{8E1E17A6-FCA5-4477-B35A-69BD4DFBF9F0}.AppStore|x64.Build.0 = Release|x64
		{8E1E17A6-FCA5-4477-B35A-69BD4DFBF9F0}.AppStore|x64.Deploy.0 = Release|x64
		{8E1E17A6-FCA5-4477-B35A-69BD4DFBF9F0}.AppStore|x86.ActiveCfg = Release|x86
		{8E1E17A6-FCA5-4477-B35A-69BD4DFBF9F0}.AppStore|x86.Build.0 = Release|x86
		{8E1E17A6-FCA5-4477-B35A-69BD4DFBF9F0}.AppStore|x86.Deploy.0 = Release|x86
		{8E1E17A6-FCA5-4477-B35A-69BD4DFBF9F0}.Debug|Any CPU.ActiveCfg = Debug|x86
		{8E1E17A6-FCA5-4477-B35A-69BD4DFBF9F0}.Debug|ARM.ActiveCfg = Debug|ARM
		{8E1E17A6-FCA5-4477-B35A-69BD4DFBF9F0}.Debug|ARM.Build.0 = Debug|ARM
		{8E1E17A6-FCA5-4477-B35A-69BD4DFBF9F0}.Debug|ARM.Deploy.0 = Debug|ARM
		{8E1E17A6-FCA5-4477-B35A-69BD4DFBF9F0}.Debug|iPhone.ActiveCfg = Debug|x86
		{8E1E17A6-FCA5-4477-B35A-69BD4DFBF9F0}.Debug|iPhoneSimulator.ActiveCfg = Debug|x86
		{8E1E17A6-FCA5-4477-B35A-69BD4DFBF9F0}.Debug|x64.ActiveCfg = Debug|x64
		{8E1E17A6-FCA5-4477-B35A-69BD4DFBF9F0}.Debug|x64.Build.0 = Debug|x64
		{8E1E17A6-FCA5-4477-B35A-69BD4DFBF9F0}.Debug|x64.Deploy.0 = Debug|x64
		{8E1E17A6-FCA5-4477-B35A-69BD4DFBF9F0}.Debug|x86.ActiveCfg = Debug|x86
		{8E1E17A6-FCA5-4477-B35A-69BD4DFBF9F0}.Debug|x86.Build.0 = Debug|x86
		{8E1E17A6-FCA5-4477-B35A-69BD4DFBF9F0}.Debug|x86.Deploy.0 = Debug|x86
		{8E1E17A6-FCA5-4477-B35A-69BD4DFBF9F0}.Release|Any CPU.ActiveCfg = Release|x86
		{8E1E17A6-FCA5-4477-B35A-69BD4DFBF9F0}.Release|ARM.ActiveCfg = Release|ARM
		{8E1E17A6-FCA5-4477-B35A-69BD4DFBF9F0}.Release|ARM.Build.0 = Release|ARM
		{8E1E17A6-FCA5-4477-B35A-69BD4DFBF9F0}.Release|ARM.Deploy.0 = Release|ARM
		{8E1E17A6-FCA5-4477-B35A-69BD4DFBF9F0}.Release|iPhone.ActiveCfg = Release|x86
		{8E1E17A6-FCA5-4477-B35A-69BD4DFBF9F0}.Release|iPhoneSimulator.ActiveCfg = Release|x86
		{8E1E17A6-FCA5-4477-B35A-69BD4DFBF9F0}.Release|x64.ActiveCfg = Release|x64
		{8E1E17A6-FCA5-4477-B35A-69BD4DFBF9F0}.Release|x64.Build.0 = Release|x64
		{8E1E17A6-FCA5-4477-B35A-69BD4DFBF9F0}.Release|x64.Deploy.0 = Release|x64
		{8E1E17A6-FCA5-4477-B35A-69BD4DFBF9F0}.Release|x86.ActiveCfg = Release|x86
		{8E1E17A6-FCA5-4477-B35A-69BD4DFBF9F0}.Release|x86.Build.0 = Release|x86
		{8E1E17A6-FCA5-4477-B35A-69BD4DFBF9F0}.Release|x86.Deploy.0 = Release|x86
		{EFC3225B-9044-4A99-9554-11B754BF8171}.Ad-Hoc|Any CPU.ActiveCfg = Release|Any CPU
		{EFC3225B-9044-4A99-9554-11B754BF8171}.Ad-Hoc|Any CPU.Build.0 = Release|Any CPU
		{EFC3225B-9044-4A99-9554-11B754BF8171}.Ad-Hoc|ARM.ActiveCfg = Release|Any CPU
		{EFC3225B-9044-4A99-9554-11B754BF8171}.Ad-Hoc|ARM.Build.0 = Release|Any CPU
		{EFC3225B-9044-4A99-9554-11B754BF8171}.Ad-Hoc|iPhone.ActiveCfg = Release|Any CPU
		{EFC3225B-9044-4A99-9554-11B754BF8171}.Ad-Hoc|iPhone.Build.0 = Release|Any CPU
		{EFC3225B-9044-4A99-9554-11B754BF8171}.Ad-Hoc|iPhoneSimulator.ActiveCfg = Release|Any CPU
		{EFC3225B-9044-4A99-9554-11B754BF8171}.Ad-Hoc|iPhoneSimulator.Build.0 = Release|Any CPU
		{EFC3225B-9044-4A99-9554-11B754BF8171}.Ad-Hoc|x64.ActiveCfg = Release|Any CPU
		{EFC3225B-9044-4A99-9554-11B754BF8171}.Ad-Hoc|x64.Build.0 = Release|Any CPU
		{EFC3225B-9044-4A99-9554-11B754BF8171}.Ad-Hoc|x86.ActiveCfg = Release|Any CPU
		{EFC3225B-9044-4A99-9554-11B754BF8171}.Ad-Hoc|x86.Build.0 = Release|Any CPU
		{EFC3225B-9044-4A99-9554-11B754BF8171}.AppStore|Any CPU.ActiveCfg = Release|Any CPU
		{EFC3225B-9044-4A99-9554-11B754BF8171}.AppStore|Any CPU.Build.0 = Release|Any CPU
		{EFC3225B-9044-4A99-9554-11B754BF8171}.AppStore|ARM.ActiveCfg = Release|Any CPU
		{EFC3225B-9044-4A99-9554-11B754BF8171}.AppStore|ARM.Build.0 = Release|Any CPU
		{EFC3225B-9044-4A99-9554-11B754BF8171}.AppStore|iPhone.ActiveCfg = Release|Any CPU
		{EFC3225B-9044-4A99-9554-11B754BF8171}.AppStore|iPhone.Build.0 = Release|Any CPU
		{EFC3225B-9044-4A99-9554-11B754BF8171}.AppStore|iPhoneSimulator.ActiveCfg = Release|Any CPU
		{EFC3225B-9044-4A99-9554-11B754BF8171}.AppStore|iPhoneSimulator.Build.0 = Release|Any CPU
		{EFC3225B-9044-4A99-9554-11B754BF8171}.AppStore|x64.ActiveCfg = Release|Any CPU
		{EFC3225B-9044-4A99-9554-11B754BF8171}.AppStore|x64.Build.0 = Release|Any CPU
		{EFC3225B-9044-4A99-9554-11B754BF8171}.AppStore|x86.ActiveCfg = Release|Any CPU
		{EFC3225B-9044-4A99-9554-11B754BF8171}.AppStore|x86.Build.0 = Release|Any CPU
		{EFC3225B-9044-4A99-9554-11B754BF8171}.Debug|Any CPU.ActiveCfg = Debug|Any CPU
		{EFC3225B-9044-4A99-9554-11B754BF8171}.Debug|Any CPU.Build.0 = Debug|Any CPU
		{EFC3225B-9044-4A99-9554-11B754BF8171}.Debug|ARM.ActiveCfg = Debug|Any CPU
		{EFC3225B-9044-4A99-9554-11B754BF8171}.Debug|ARM.Build.0 = Debug|Any CPU
		{EFC3225B-9044-4A99-9554-11B754BF8171}.Debug|iPhone.ActiveCfg = Debug|Any CPU
		{EFC3225B-9044-4A99-9554-11B754BF8171}.Debug|iPhone.Build.0 = Debug|Any CPU
		{EFC3225B-9044-4A99-9554-11B754BF8171}.Debug|iPhoneSimulator.ActiveCfg = Debug|Any CPU
		{EFC3225B-9044-4A99-9554-11B754BF8171}.Debug|iPhoneSimulator.Build.0 = Debug|Any CPU
		{EFC3225B-9044-4A99-9554-11B754BF8171}.Debug|x64.ActiveCfg = Debug|Any CPU
		{EFC3225B-9044-4A99-9554-11B754BF8171}.Debug|x64.Build.0 = Debug|Any CPU
		{EFC3225B-9044-4A99-9554-11B754BF8171}.Debug|x86.ActiveCfg = Debug|Any CPU
		{EFC3225B-9044-4A99-9554-11B754BF8171}.Debug|x86.Build.0 = Debug|Any CPU
		{EFC3225B-9044-4A99-9554-11B754BF8171}.Release|Any CPU.ActiveCfg = Release|Any CPU
		{EFC3225B-9044-4A99-9554-11B754BF8171}.Release|Any CPU.Build.0 = Release|Any CPU
		{EFC3225B-9044-4A99-9554-11B754BF8171}.Release|ARM.ActiveCfg = Release|Any CPU
		{EFC3225B-9044-4A99-9554-11B754BF8171}.Release|ARM.Build.0 = Release|Any CPU
		{EFC3225B-9044-4A99-9554-11B754BF8171}.Release|iPhone.ActiveCfg = Release|Any CPU
		{EFC3225B-9044-4A99-9554-11B754BF8171}.Release|iPhone.Build.0 = Release|Any CPU
		{EFC3225B-9044-4A99-9554-11B754BF8171}.Release|iPhoneSimulator.ActiveCfg = Release|Any CPU
		{EFC3225B-9044-4A99-9554-11B754BF8171}.Release|iPhoneSimulator.Build.0 = Release|Any CPU
		{EFC3225B-9044-4A99-9554-11B754BF8171}.Release|x64.ActiveCfg = Release|Any CPU
		{EFC3225B-9044-4A99-9554-11B754BF8171}.Release|x64.Build.0 = Release|Any CPU
		{EFC3225B-9044-4A99-9554-11B754BF8171}.Release|x86.ActiveCfg = Release|Any CPU
		{EFC3225B-9044-4A99-9554-11B754BF8171}.Release|x86.Build.0 = Release|Any CPU
		{D13E6576-4448-4BC2-8633-C7F34EF9BEDD}.Ad-Hoc|Any CPU.ActiveCfg = Release|Any CPU
		{D13E6576-4448-4BC2-8633-C7F34EF9BEDD}.Ad-Hoc|Any CPU.Build.0 = Release|Any CPU
		{D13E6576-4448-4BC2-8633-C7F34EF9BEDD}.Ad-Hoc|Any CPU.Deploy.0 = Release|Any CPU
		{D13E6576-4448-4BC2-8633-C7F34EF9BEDD}.Ad-Hoc|ARM.ActiveCfg = Release|ARM
		{D13E6576-4448-4BC2-8633-C7F34EF9BEDD}.Ad-Hoc|ARM.Build.0 = Release|ARM
		{D13E6576-4448-4BC2-8633-C7F34EF9BEDD}.Ad-Hoc|ARM.Deploy.0 = Release|ARM
		{D13E6576-4448-4BC2-8633-C7F34EF9BEDD}.Ad-Hoc|iPhone.ActiveCfg = Release|Any CPU
		{D13E6576-4448-4BC2-8633-C7F34EF9BEDD}.Ad-Hoc|iPhone.Build.0 = Release|Any CPU
		{D13E6576-4448-4BC2-8633-C7F34EF9BEDD}.Ad-Hoc|iPhone.Deploy.0 = Release|Any CPU
		{D13E6576-4448-4BC2-8633-C7F34EF9BEDD}.Ad-Hoc|iPhoneSimulator.ActiveCfg = Release|Any CPU
		{D13E6576-4448-4BC2-8633-C7F34EF9BEDD}.Ad-Hoc|iPhoneSimulator.Build.0 = Release|Any CPU
		{D13E6576-4448-4BC2-8633-C7F34EF9BEDD}.Ad-Hoc|iPhoneSimulator.Deploy.0 = Release|Any CPU
		{D13E6576-4448-4BC2-8633-C7F34EF9BEDD}.Ad-Hoc|x64.ActiveCfg = Release|x64
		{D13E6576-4448-4BC2-8633-C7F34EF9BEDD}.Ad-Hoc|x64.Build.0 = Release|x64
		{D13E6576-4448-4BC2-8633-C7F34EF9BEDD}.Ad-Hoc|x64.Deploy.0 = Release|x64
		{D13E6576-4448-4BC2-8633-C7F34EF9BEDD}.Ad-Hoc|x86.ActiveCfg = Release|x86
		{D13E6576-4448-4BC2-8633-C7F34EF9BEDD}.Ad-Hoc|x86.Build.0 = Release|x86
		{D13E6576-4448-4BC2-8633-C7F34EF9BEDD}.Ad-Hoc|x86.Deploy.0 = Release|x86
		{D13E6576-4448-4BC2-8633-C7F34EF9BEDD}.AppStore|Any CPU.ActiveCfg = Release|Any CPU
		{D13E6576-4448-4BC2-8633-C7F34EF9BEDD}.AppStore|Any CPU.Build.0 = Release|Any CPU
		{D13E6576-4448-4BC2-8633-C7F34EF9BEDD}.AppStore|Any CPU.Deploy.0 = Release|Any CPU
		{D13E6576-4448-4BC2-8633-C7F34EF9BEDD}.AppStore|ARM.ActiveCfg = Release|ARM
		{D13E6576-4448-4BC2-8633-C7F34EF9BEDD}.AppStore|ARM.Build.0 = Release|ARM
		{D13E6576-4448-4BC2-8633-C7F34EF9BEDD}.AppStore|ARM.Deploy.0 = Release|ARM
		{D13E6576-4448-4BC2-8633-C7F34EF9BEDD}.AppStore|iPhone.ActiveCfg = Release|Any CPU
		{D13E6576-4448-4BC2-8633-C7F34EF9BEDD}.AppStore|iPhone.Build.0 = Release|Any CPU
		{D13E6576-4448-4BC2-8633-C7F34EF9BEDD}.AppStore|iPhone.Deploy.0 = Release|Any CPU
		{D13E6576-4448-4BC2-8633-C7F34EF9BEDD}.AppStore|iPhoneSimulator.ActiveCfg = Release|Any CPU
		{D13E6576-4448-4BC2-8633-C7F34EF9BEDD}.AppStore|iPhoneSimulator.Build.0 = Release|Any CPU
		{D13E6576-4448-4BC2-8633-C7F34EF9BEDD}.AppStore|iPhoneSimulator.Deploy.0 = Release|Any CPU
		{D13E6576-4448-4BC2-8633-C7F34EF9BEDD}.AppStore|x64.ActiveCfg = Release|x64
		{D13E6576-4448-4BC2-8633-C7F34EF9BEDD}.AppStore|x64.Build.0 = Release|x64
		{D13E6576-4448-4BC2-8633-C7F34EF9BEDD}.AppStore|x64.Deploy.0 = Release|x64
		{D13E6576-4448-4BC2-8633-C7F34EF9BEDD}.AppStore|x86.ActiveCfg = Release|x86
		{D13E6576-4448-4BC2-8633-C7F34EF9BEDD}.AppStore|x86.Build.0 = Release|x86
		{D13E6576-4448-4BC2-8633-C7F34EF9BEDD}.AppStore|x86.Deploy.0 = Release|x86
		{D13E6576-4448-4BC2-8633-C7F34EF9BEDD}.Debug|Any CPU.ActiveCfg = Debug|Any CPU
		{D13E6576-4448-4BC2-8633-C7F34EF9BEDD}.Debug|Any CPU.Build.0 = Debug|Any CPU
		{D13E6576-4448-4BC2-8633-C7F34EF9BEDD}.Debug|Any CPU.Deploy.0 = Debug|Any CPU
		{D13E6576-4448-4BC2-8633-C7F34EF9BEDD}.Debug|ARM.ActiveCfg = Debug|ARM
		{D13E6576-4448-4BC2-8633-C7F34EF9BEDD}.Debug|ARM.Build.0 = Debug|ARM
		{D13E6576-4448-4BC2-8633-C7F34EF9BEDD}.Debug|ARM.Deploy.0 = Debug|ARM
		{D13E6576-4448-4BC2-8633-C7F34EF9BEDD}.Debug|iPhone.ActiveCfg = Debug|Any CPU
		{D13E6576-4448-4BC2-8633-C7F34EF9BEDD}.Debug|iPhone.Build.0 = Debug|Any CPU
		{D13E6576-4448-4BC2-8633-C7F34EF9BEDD}.Debug|iPhone.Deploy.0 = Debug|Any CPU
		{D13E6576-4448-4BC2-8633-C7F34EF9BEDD}.Debug|iPhoneSimulator.ActiveCfg = Debug|Any CPU
		{D13E6576-4448-4BC2-8633-C7F34EF9BEDD}.Debug|iPhoneSimulator.Build.0 = Debug|Any CPU
		{D13E6576-4448-4BC2-8633-C7F34EF9BEDD}.Debug|iPhoneSimulator.Deploy.0 = Debug|Any CPU
		{D13E6576-4448-4BC2-8633-C7F34EF9BEDD}.Debug|x64.ActiveCfg = Debug|x64
		{D13E6576-4448-4BC2-8633-C7F34EF9BEDD}.Debug|x64.Build.0 = Debug|x64
		{D13E6576-4448-4BC2-8633-C7F34EF9BEDD}.Debug|x64.Deploy.0 = Debug|x64
		{D13E6576-4448-4BC2-8633-C7F34EF9BEDD}.Debug|x86.ActiveCfg = Debug|x86
		{D13E6576-4448-4BC2-8633-C7F34EF9BEDD}.Debug|x86.Build.0 = Debug|x86
		{D13E6576-4448-4BC2-8633-C7F34EF9BEDD}.Debug|x86.Deploy.0 = Debug|x86
		{D13E6576-4448-4BC2-8633-C7F34EF9BEDD}.Release|Any CPU.ActiveCfg = Release|Any CPU
		{D13E6576-4448-4BC2-8633-C7F34EF9BEDD}.Release|Any CPU.Build.0 = Release|Any CPU
		{D13E6576-4448-4BC2-8633-C7F34EF9BEDD}.Release|Any CPU.Deploy.0 = Release|Any CPU
		{D13E6576-4448-4BC2-8633-C7F34EF9BEDD}.Release|ARM.ActiveCfg = Release|ARM
		{D13E6576-4448-4BC2-8633-C7F34EF9BEDD}.Release|ARM.Build.0 = Release|ARM
		{D13E6576-4448-4BC2-8633-C7F34EF9BEDD}.Release|ARM.Deploy.0 = Release|ARM
		{D13E6576-4448-4BC2-8633-C7F34EF9BEDD}.Release|iPhone.ActiveCfg = Release|Any CPU
		{D13E6576-4448-4BC2-8633-C7F34EF9BEDD}.Release|iPhone.Build.0 = Release|Any CPU
		{D13E6576-4448-4BC2-8633-C7F34EF9BEDD}.Release|iPhone.Deploy.0 = Release|Any CPU
		{D13E6576-4448-4BC2-8633-C7F34EF9BEDD}.Release|iPhoneSimulator.ActiveCfg = Release|Any CPU
		{D13E6576-4448-4BC2-8633-C7F34EF9BEDD}.Release|iPhoneSimulator.Build.0 = Release|Any CPU
		{D13E6576-4448-4BC2-8633-C7F34EF9BEDD}.Release|iPhoneSimulator.Deploy.0 = Release|Any CPU
		{D13E6576-4448-4BC2-8633-C7F34EF9BEDD}.Release|x64.ActiveCfg = Release|x64
		{D13E6576-4448-4BC2-8633-C7F34EF9BEDD}.Release|x64.Build.0 = Release|x64
		{D13E6576-4448-4BC2-8633-C7F34EF9BEDD}.Release|x64.Deploy.0 = Release|x64
		{D13E6576-4448-4BC2-8633-C7F34EF9BEDD}.Release|x86.ActiveCfg = Release|x86
		{D13E6576-4448-4BC2-8633-C7F34EF9BEDD}.Release|x86.Build.0 = Release|x86
		{D13E6576-4448-4BC2-8633-C7F34EF9BEDD}.Release|x86.Deploy.0 = Release|x86
	EndGlobalSection
	GlobalSection(SolutionProperties) = preSolution
		HideSolutionNode = FALSE
	EndGlobalSection
	GlobalSection(NestedProjects) = preSolution
		{D79C8F36-ECE8-45CE-99C0-C5AF383814B7} = {94C2DEAE-6A8F-43D1-B957-F73E040D6DBD}
		{991CD768-F51F-42D1-8BC7-1E41248AF04C} = {94C2DEAE-6A8F-43D1-B957-F73E040D6DBD}
		{EF4AE728-2833-4423-BD03-AA871250B355} = {94C2DEAE-6A8F-43D1-B957-F73E040D6DBD}
		{F5692972-D73F-4A74-9626-D501033ABC88} = {94C2DEAE-6A8F-43D1-B957-F73E040D6DBD}
		{64F8885B-5848-4409-A3F6-1C4BB796422F} = {19434ABE-EB8F-4445-B89C-7F8006FCD704}
		{F7EEBDC4-D911-4A33-9C53-3CA01ADF4794} = {19434ABE-EB8F-4445-B89C-7F8006FCD704}
		{F1EDDE52-2516-47A9-BB66-1856B5538B5A} = {B22B0CDA-A509-44EA-A779-BE6CAAF6CA7C}
		{8E1E17A6-FCA5-4477-B35A-69BD4DFBF9F0} = {94C2DEAE-6A8F-43D1-B957-F73E040D6DBD}
		{EFC3225B-9044-4A99-9554-11B754BF8171} = {B22B0CDA-A509-44EA-A779-BE6CAAF6CA7C}
		{D13E6576-4448-4BC2-8633-C7F34EF9BEDD} = {94C2DEAE-6A8F-43D1-B957-F73E040D6DBD}
		{B22B0CDA-A509-44EA-A779-BE6CAAF6CA7C} = {B28E8E8C-959C-4C78-A0E9-775274E708D6}
		{94C2DEAE-6A8F-43D1-B957-F73E040D6DBD} = {B28E8E8C-959C-4C78-A0E9-775274E708D6}
	EndGlobalSection
EndGlobal
