
Microsoft Visual Studio Solution File, Format Version 12.00
# Visual Studio 15
VisualStudioVersion = 15.0.26730.15
MinimumVisualStudioVersion = 10.0.40219.1
Project("{FAE04EC0-301F-11D3-BF4B-00C04F79EFBC}") = "TwitterLikeButton.Xamarin.iOS", "Client\TwitterLikeButton.Xamarin.iOS\TwitterLikeButton.Xamarin.iOS.csproj", "{0C644578-EE84-4E61-8A5C-78FDF7031707}"
EndProject
Global
	GlobalSection(SolutionConfigurationPlatforms) = preSolution
		Debug|Any CPU = Debug|Any CPU
		Release|Any CPU = Release|Any CPU
	EndGlobalSection
	GlobalSection(ProjectConfigurationPlatforms) = postSolution
		{0C644578-EE84-4E61-8A5C-78FDF7031707}.Debug|Any CPU.ActiveCfg = Debug|Any CPU
		{0C644578-EE84-4E61-8A5C-78FDF7031707}.Debug|Any CPU.Build.0 = Debug|Any CPU
		{0C644578-EE84-4E61-8A5C-78FDF7031707}.Release|Any CPU.ActiveCfg = Release|Any CPU
		{0C644578-EE84-4E61-8A5C-78FDF7031707}.Release|Any CPU.Build.0 = Release|Any CPU
	EndGlobalSection
	GlobalSection(SolutionProperties) = preSolution
		HideSolutionNode = FALSE
	EndGlobalSection
	GlobalSection(ExtensibilityGlobals) = postSolution
		SolutionGuid = {4674BB4C-6B13-4AEF-99B6-D3B44A5752A1}
	EndGlobalSection
EndGlobal
