
Microsoft Visual Studio Solution File, Format Version 12.00
# Visual Studio 15
VisualStudioVersion = 15.0.27004.2008
MinimumVisualStudioVersion = 10.0.40219.1
Project("{2150E333-8FDC-42A3-9474-1A3956D46DE8}") = "Common", "Common", "{4C43174E-916C-4B9C-82BC-ACAA67AF790C}"
EndProject
Project("{2150E333-8FDC-42A3-9474-1A3956D46DE8}") = "Client", "Client", "{7C293EF0-430C-4262-BD46-07137D7B24CD}"
EndProject
Project("{FAE04EC0-301F-11D3-BF4B-00C04F79EFBC}") = "Restaurant.Droid", "Client\Restaurant.Client\Restaurant.Droid\Restaurant.Droid.csproj", "{991CD768-F51F-42D1-8BC7-1E41248AF04C}"
EndProject
Project("{FAE04EC0-301F-11D3-BF4B-00C04F79EFBC}") = "Restaurant.iOS", "Client\Restaurant.Client\Restaurant.iOS\Restaurant.iOS.csproj", "{C5D412FA-2566-4550-8175-2F068FEC44FC}"
EndProject
Project("{2150E333-8FDC-42A3-9474-1A3956D46DE8}") = "Tests", "Tests", "{AF4ACA45-07FD-4513-A3F5-E3649334396F}"
EndProject
Project("{9A19103F-16F7-4668-BE54-9A1E7A4F7556}") = "Restaurant.Common", "Common\Restaurant.Common\Restaurant.Common.csproj", "{DC26D36A-28CE-410A-B810-1502C0FCB266}"
EndProject
Project("{2150E333-8FDC-42A3-9474-1A3956D46DE8}") = "Libs", "Libs", "{2EA0A2A6-18D1-440E-BE91-F2CF3174DF21}"
	ProjectSection(SolutionItems) = preProject
		Client\Libs\ActionItemBadge.dll = Client\Libs\ActionItemBadge.dll
		Client\Libs\Iconics.Core.dll = Client\Libs\Iconics.Core.dll
		Client\Libs\Xamarin.Android.TwitterLikeButton.dll = Client\Libs\Xamarin.Android.TwitterLikeButton.dll
	EndProjectSection
EndProject
Project("{9A19103F-16F7-4668-BE54-9A1E7A4F7556}") = "Restaurant.Core", "Client\Restaurant.Client\Restaurant.Core\Restaurant.Core.csproj", "{A0547077-0CF6-461D-8A2D-514C4ED89C94}"
EndProject
Project("{9A19103F-16F7-4668-BE54-9A1E7A4F7556}") = "Restaurant.Abstractions", "Client\Restaurant.Client\Restaurant.Abstractions\Restaurant.Abstractions.csproj", "{147B8D2D-E0C0-415A-8380-7739CC0F581A}"
EndProject
Project("{2150E333-8FDC-42A3-9474-1A3956D46DE8}") = "Platform", "Platform", "{BD063047-9AA2-4794-A503-44448615ACE2}"
EndProject
Project("{2150E333-8FDC-42A3-9474-1A3956D46DE8}") = "Shared", "Shared", "{315C6960-1999-4421-A659-4E4CCA9E2F9A}"
EndProject
Project("{9A19103F-16F7-4668-BE54-9A1E7A4F7556}") = "Restaurant.Mobile.UI", "Client\Restaurant.Client\Restaurant.Mobile.UI\Restaurant.Mobile.UI.csproj", "{AF5C0EF6-3675-4A5E-A2F3-DAFF4DDE228D}"
EndProject
Project("{9A19103F-16F7-4668-BE54-9A1E7A4F7556}") = "Restaurant.Core.UnitTests", "Client\Tests\Restaurant.Core.UnitTests\Restaurant.Core.UnitTests.csproj", "{8056E123-04C3-4945-BBEB-9C9B336BB8DD}"
EndProject
Global
	GlobalSection(SolutionConfigurationPlatforms) = preSolution
		Ad-Hoc|Any CPU = Ad-Hoc|Any CPU
		Ad-Hoc|ARM = Ad-Hoc|ARM
		Ad-Hoc|iPhone = Ad-Hoc|iPhone
		Ad-Hoc|iPhoneSimulator = Ad-Hoc|iPhoneSimulator
		Ad-Hoc|x64 = Ad-Hoc|x64
		Ad-Hoc|x86 = Ad-Hoc|x86
		AppStore|Any CPU = AppStore|Any CPU
		AppStore|ARM = AppStore|ARM
		AppStore|iPhone = AppStore|iPhone
		AppStore|iPhoneSimulator = AppStore|iPhoneSimulator
		AppStore|x64 = AppStore|x64
		AppStore|x86 = AppStore|x86
		Debug|Any CPU = Debug|Any CPU
		Debug|ARM = Debug|ARM
		Debug|iPhone = Debug|iPhone
		Debug|iPhoneSimulator = Debug|iPhoneSimulator
		Debug|x64 = Debug|x64
		Debug|x86 = Debug|x86
		Release|Any CPU = Release|Any CPU
		Release|ARM = Release|ARM
		Release|iPhone = Release|iPhone
		Release|iPhoneSimulator = Release|iPhoneSimulator
		Release|x64 = Release|x64
		Release|x86 = Release|x86
	EndGlobalSection
	GlobalSection(ProjectConfigurationPlatforms) = postSolution
		{991CD768-F51F-42D1-8BC7-1E41248AF04C}.Ad-Hoc|Any CPU.ActiveCfg = Release|Any CPU
		{991CD768-F51F-42D1-8BC7-1E41248AF04C}.Ad-Hoc|Any CPU.Build.0 = Release|Any CPU
		{991CD768-F51F-42D1-8BC7-1E41248AF04C}.Ad-Hoc|Any CPU.Deploy.0 = Release|Any CPU
		{991CD768-F51F-42D1-8BC7-1E41248AF04C}.Ad-Hoc|ARM.ActiveCfg = Release|Any CPU
		{991CD768-F51F-42D1-8BC7-1E41248AF04C}.Ad-Hoc|ARM.Build.0 = Release|Any CPU
		{991CD768-F51F-42D1-8BC7-1E41248AF04C}.Ad-Hoc|ARM.Deploy.0 = Release|Any CPU
		{991CD768-F51F-42D1-8BC7-1E41248AF04C}.Ad-Hoc|iPhone.ActiveCfg = Release|Any CPU
		{991CD768-F51F-42D1-8BC7-1E41248AF04C}.Ad-Hoc|iPhone.Build.0 = Release|Any CPU
		{991CD768-F51F-42D1-8BC7-1E41248AF04C}.Ad-Hoc|iPhone.Deploy.0 = Release|Any CPU
		{991CD768-F51F-42D1-8BC7-1E41248AF04C}.Ad-Hoc|iPhoneSimulator.ActiveCfg = Release|Any CPU
		{991CD768-F51F-42D1-8BC7-1E41248AF04C}.Ad-Hoc|iPhoneSimulator.Build.0 = Release|Any CPU
		{991CD768-F51F-42D1-8BC7-1E41248AF04C}.Ad-Hoc|iPhoneSimulator.Deploy.0 = Release|Any CPU
		{991CD768-F51F-42D1-8BC7-1E41248AF04C}.Ad-Hoc|x64.ActiveCfg = Release|Any CPU
		{991CD768-F51F-42D1-8BC7-1E41248AF04C}.Ad-Hoc|x64.Build.0 = Release|Any CPU
		{991CD768-F51F-42D1-8BC7-1E41248AF04C}.Ad-Hoc|x64.Deploy.0 = Release|Any CPU
		{991CD768-F51F-42D1-8BC7-1E41248AF04C}.Ad-Hoc|x86.ActiveCfg = Release|Any CPU
		{991CD768-F51F-42D1-8BC7-1E41248AF04C}.Ad-Hoc|x86.Build.0 = Release|Any CPU
		{991CD768-F51F-42D1-8BC7-1E41248AF04C}.Ad-Hoc|x86.Deploy.0 = Release|Any CPU
		{991CD768-F51F-42D1-8BC7-1E41248AF04C}.AppStore|Any CPU.ActiveCfg = Release|Any CPU
		{991CD768-F51F-42D1-8BC7-1E41248AF04C}.AppStore|Any CPU.Build.0 = Release|Any CPU
		{991CD768-F51F-42D1-8BC7-1E41248AF04C}.AppStore|Any CPU.Deploy.0 = Release|Any CPU
		{991CD768-F51F-42D1-8BC7-1E41248AF04C}.AppStore|ARM.ActiveCfg = Release|Any CPU
		{991CD768-F51F-42D1-8BC7-1E41248AF04C}.AppStore|ARM.Build.0 = Release|Any CPU
		{991CD768-F51F-42D1-8BC7-1E41248AF04C}.AppStore|ARM.Deploy.0 = Release|Any CPU
		{991CD768-F51F-42D1-8BC7-1E41248AF04C}.AppStore|iPhone.ActiveCfg = Release|Any CPU
		{991CD768-F51F-42D1-8BC7-1E41248AF04C}.AppStore|iPhone.Build.0 = Release|Any CPU
		{991CD768-F51F-42D1-8BC7-1E41248AF04C}.AppStore|iPhone.Deploy.0 = Release|Any CPU
		{991CD768-F51F-42D1-8BC7-1E41248AF04C}.AppStore|iPhoneSimulator.ActiveCfg = Release|Any CPU
		{991CD768-F51F-42D1-8BC7-1E41248AF04C}.AppStore|iPhoneSimulator.Build.0 = Release|Any CPU
		{991CD768-F51F-42D1-8BC7-1E41248AF04C}.AppStore|iPhoneSimulator.Deploy.0 = Release|Any CPU
		{991CD768-F51F-42D1-8BC7-1E41248AF04C}.AppStore|x64.ActiveCfg = Release|Any CPU
		{991CD768-F51F-42D1-8BC7-1E41248AF04C}.AppStore|x64.Build.0 = Release|Any CPU
		{991CD768-F51F-42D1-8BC7-1E41248AF04C}.AppStore|x64.Deploy.0 = Release|Any CPU
		{991CD768-F51F-42D1-8BC7-1E41248AF04C}.AppStore|x86.ActiveCfg = Release|Any CPU
		{991CD768-F51F-42D1-8BC7-1E41248AF04C}.AppStore|x86.Build.0 = Release|Any CPU
		{991CD768-F51F-42D1-8BC7-1E41248AF04C}.AppStore|x86.Deploy.0 = Release|Any CPU
		{991CD768-F51F-42D1-8BC7-1E41248AF04C}.Debug|Any CPU.ActiveCfg = Debug|Any CPU
		{991CD768-F51F-42D1-8BC7-1E41248AF04C}.Debug|Any CPU.Build.0 = Debug|Any CPU
		{991CD768-F51F-42D1-8BC7-1E41248AF04C}.Debug|Any CPU.Deploy.0 = Debug|Any CPU
		{991CD768-F51F-42D1-8BC7-1E41248AF04C}.Debug|ARM.ActiveCfg = Debug|Any CPU
		{991CD768-F51F-42D1-8BC7-1E41248AF04C}.Debug|ARM.Build.0 = Debug|Any CPU
		{991CD768-F51F-42D1-8BC7-1E41248AF04C}.Debug|ARM.Deploy.0 = Debug|Any CPU
		{991CD768-F51F-42D1-8BC7-1E41248AF04C}.Debug|iPhone.ActiveCfg = Debug|Any CPU
		{991CD768-F51F-42D1-8BC7-1E41248AF04C}.Debug|iPhone.Build.0 = Debug|Any CPU
		{991CD768-F51F-42D1-8BC7-1E41248AF04C}.Debug|iPhone.Deploy.0 = Debug|Any CPU
		{991CD768-F51F-42D1-8BC7-1E41248AF04C}.Debug|iPhoneSimulator.ActiveCfg = Debug|Any CPU
		{991CD768-F51F-42D1-8BC7-1E41248AF04C}.Debug|iPhoneSimulator.Build.0 = Debug|Any CPU
		{991CD768-F51F-42D1-8BC7-1E41248AF04C}.Debug|iPhoneSimulator.Deploy.0 = Debug|Any CPU
		{991CD768-F51F-42D1-8BC7-1E41248AF04C}.Debug|x64.ActiveCfg = Debug|Any CPU
		{991CD768-F51F-42D1-8BC7-1E41248AF04C}.Debug|x64.Build.0 = Debug|Any CPU
		{991CD768-F51F-42D1-8BC7-1E41248AF04C}.Debug|x64.Deploy.0 = Debug|Any CPU
		{991CD768-F51F-42D1-8BC7-1E41248AF04C}.Debug|x86.ActiveCfg = Debug|Any CPU
		{991CD768-F51F-42D1-8BC7-1E41248AF04C}.Debug|x86.Build.0 = Debug|Any CPU
		{991CD768-F51F-42D1-8BC7-1E41248AF04C}.Debug|x86.Deploy.0 = Debug|Any CPU
		{991CD768-F51F-42D1-8BC7-1E41248AF04C}.Release|Any CPU.ActiveCfg = Release|Any CPU
		{991CD768-F51F-42D1-8BC7-1E41248AF04C}.Release|Any CPU.Build.0 = Release|Any CPU
		{991CD768-F51F-42D1-8BC7-1E41248AF04C}.Release|Any CPU.Deploy.0 = Release|Any CPU
		{991CD768-F51F-42D1-8BC7-1E41248AF04C}.Release|ARM.ActiveCfg = Release|Any CPU
		{991CD768-F51F-42D1-8BC7-1E41248AF04C}.Release|ARM.Build.0 = Release|Any CPU
		{991CD768-F51F-42D1-8BC7-1E41248AF04C}.Release|ARM.Deploy.0 = Release|Any CPU
		{991CD768-F51F-42D1-8BC7-1E41248AF04C}.Release|iPhone.ActiveCfg = Release|Any CPU
		{991CD768-F51F-42D1-8BC7-1E41248AF04C}.Release|iPhone.Build.0 = Release|Any CPU
		{991CD768-F51F-42D1-8BC7-1E41248AF04C}.Release|iPhone.Deploy.0 = Release|Any CPU
		{991CD768-F51F-42D1-8BC7-1E41248AF04C}.Release|iPhoneSimulator.ActiveCfg = Release|Any CPU
		{991CD768-F51F-42D1-8BC7-1E41248AF04C}.Release|iPhoneSimulator.Build.0 = Release|Any CPU
		{991CD768-F51F-42D1-8BC7-1E41248AF04C}.Release|iPhoneSimulator.Deploy.0 = Release|Any CPU
		{991CD768-F51F-42D1-8BC7-1E41248AF04C}.Release|x64.ActiveCfg = Release|Any CPU
		{991CD768-F51F-42D1-8BC7-1E41248AF04C}.Release|x64.Build.0 = Release|Any CPU
		{991CD768-F51F-42D1-8BC7-1E41248AF04C}.Release|x64.Deploy.0 = Release|Any CPU
		{991CD768-F51F-42D1-8BC7-1E41248AF04C}.Release|x86.ActiveCfg = Release|Any CPU
		{991CD768-F51F-42D1-8BC7-1E41248AF04C}.Release|x86.Build.0 = Release|Any CPU
		{991CD768-F51F-42D1-8BC7-1E41248AF04C}.Release|x86.Deploy.0 = Release|Any CPU
		{C5D412FA-2566-4550-8175-2F068FEC44FC}.Ad-Hoc|Any CPU.ActiveCfg = Ad-Hoc|iPhone
		{C5D412FA-2566-4550-8175-2F068FEC44FC}.Ad-Hoc|ARM.ActiveCfg = Ad-Hoc|iPhone
		{C5D412FA-2566-4550-8175-2F068FEC44FC}.Ad-Hoc|iPhone.ActiveCfg = Ad-Hoc|iPhone
		{C5D412FA-2566-4550-8175-2F068FEC44FC}.Ad-Hoc|iPhone.Build.0 = Ad-Hoc|iPhone
		{C5D412FA-2566-4550-8175-2F068FEC44FC}.Ad-Hoc|iPhoneSimulator.ActiveCfg = Ad-Hoc|iPhoneSimulator
		{C5D412FA-2566-4550-8175-2F068FEC44FC}.Ad-Hoc|iPhoneSimulator.Build.0 = Ad-Hoc|iPhoneSimulator
		{C5D412FA-2566-4550-8175-2F068FEC44FC}.Ad-Hoc|x64.ActiveCfg = Ad-Hoc|iPhone
		{C5D412FA-2566-4550-8175-2F068FEC44FC}.Ad-Hoc|x86.ActiveCfg = Ad-Hoc|iPhone
		{C5D412FA-2566-4550-8175-2F068FEC44FC}.AppStore|Any CPU.ActiveCfg = AppStore|iPhone
		{C5D412FA-2566-4550-8175-2F068FEC44FC}.AppStore|ARM.ActiveCfg = AppStore|iPhone
		{C5D412FA-2566-4550-8175-2F068FEC44FC}.AppStore|iPhone.ActiveCfg = AppStore|iPhone
		{C5D412FA-2566-4550-8175-2F068FEC44FC}.AppStore|iPhone.Build.0 = AppStore|iPhone
		{C5D412FA-2566-4550-8175-2F068FEC44FC}.AppStore|iPhoneSimulator.ActiveCfg = AppStore|iPhoneSimulator
		{C5D412FA-2566-4550-8175-2F068FEC44FC}.AppStore|iPhoneSimulator.Build.0 = AppStore|iPhoneSimulator
		{C5D412FA-2566-4550-8175-2F068FEC44FC}.AppStore|x64.ActiveCfg = AppStore|iPhone
		{C5D412FA-2566-4550-8175-2F068FEC44FC}.AppStore|x86.ActiveCfg = AppStore|iPhone
		{C5D412FA-2566-4550-8175-2F068FEC44FC}.Debug|Any CPU.ActiveCfg = Debug|iPhone
		{C5D412FA-2566-4550-8175-2F068FEC44FC}.Debug|ARM.ActiveCfg = Debug|iPhone
		{C5D412FA-2566-4550-8175-2F068FEC44FC}.Debug|iPhone.ActiveCfg = Debug|iPhone
		{C5D412FA-2566-4550-8175-2F068FEC44FC}.Debug|iPhone.Build.0 = Debug|iPhone
		{C5D412FA-2566-4550-8175-2F068FEC44FC}.Debug|iPhoneSimulator.ActiveCfg = Debug|iPhoneSimulator
		{C5D412FA-2566-4550-8175-2F068FEC44FC}.Debug|iPhoneSimulator.Build.0 = Debug|iPhoneSimulator
		{C5D412FA-2566-4550-8175-2F068FEC44FC}.Debug|x64.ActiveCfg = Debug|iPhone
		{C5D412FA-2566-4550-8175-2F068FEC44FC}.Debug|x86.ActiveCfg = Debug|iPhone
		{C5D412FA-2566-4550-8175-2F068FEC44FC}.Release|Any CPU.ActiveCfg = Release|iPhone
		{C5D412FA-2566-4550-8175-2F068FEC44FC}.Release|ARM.ActiveCfg = Release|iPhone
		{C5D412FA-2566-4550-8175-2F068FEC44FC}.Release|iPhone.ActiveCfg = Release|iPhone
		{C5D412FA-2566-4550-8175-2F068FEC44FC}.Release|iPhone.Build.0 = Release|iPhone
		{C5D412FA-2566-4550-8175-2F068FEC44FC}.Release|iPhoneSimulator.ActiveCfg = Release|iPhoneSimulator
		{C5D412FA-2566-4550-8175-2F068FEC44FC}.Release|iPhoneSimulator.Build.0 = Release|iPhoneSimulator
		{C5D412FA-2566-4550-8175-2F068FEC44FC}.Release|x64.ActiveCfg = Release|iPhone
		{C5D412FA-2566-4550-8175-2F068FEC44FC}.Release|x86.ActiveCfg = Release|iPhone
		{DC26D36A-28CE-410A-B810-1502C0FCB266}.Ad-Hoc|Any CPU.ActiveCfg = Debug|Any CPU
		{DC26D36A-28CE-410A-B810-1502C0FCB266}.Ad-Hoc|Any CPU.Build.0 = Debug|Any CPU
		{DC26D36A-28CE-410A-B810-1502C0FCB266}.Ad-Hoc|ARM.ActiveCfg = Debug|Any CPU
		{DC26D36A-28CE-410A-B810-1502C0FCB266}.Ad-Hoc|ARM.Build.0 = Debug|Any CPU
		{DC26D36A-28CE-410A-B810-1502C0FCB266}.Ad-Hoc|iPhone.ActiveCfg = Debug|Any CPU
		{DC26D36A-28CE-410A-B810-1502C0FCB266}.Ad-Hoc|iPhone.Build.0 = Debug|Any CPU
		{DC26D36A-28CE-410A-B810-1502C0FCB266}.Ad-Hoc|iPhoneSimulator.ActiveCfg = Debug|Any CPU
		{DC26D36A-28CE-410A-B810-1502C0FCB266}.Ad-Hoc|iPhoneSimulator.Build.0 = Debug|Any CPU
		{DC26D36A-28CE-410A-B810-1502C0FCB266}.Ad-Hoc|x64.ActiveCfg = Debug|Any CPU
		{DC26D36A-28CE-410A-B810-1502C0FCB266}.Ad-Hoc|x64.Build.0 = Debug|Any CPU
		{DC26D36A-28CE-410A-B810-1502C0FCB266}.Ad-Hoc|x86.ActiveCfg = Debug|Any CPU
		{DC26D36A-28CE-410A-B810-1502C0FCB266}.Ad-Hoc|x86.Build.0 = Debug|Any CPU
		{DC26D36A-28CE-410A-B810-1502C0FCB266}.AppStore|Any CPU.ActiveCfg = Debug|Any CPU
		{DC26D36A-28CE-410A-B810-1502C0FCB266}.AppStore|Any CPU.Build.0 = Debug|Any CPU
		{DC26D36A-28CE-410A-B810-1502C0FCB266}.AppStore|ARM.ActiveCfg = Debug|Any CPU
		{DC26D36A-28CE-410A-B810-1502C0FCB266}.AppStore|ARM.Build.0 = Debug|Any CPU
		{DC26D36A-28CE-410A-B810-1502C0FCB266}.AppStore|iPhone.ActiveCfg = Debug|Any CPU
		{DC26D36A-28CE-410A-B810-1502C0FCB266}.AppStore|iPhone.Build.0 = Debug|Any CPU
		{DC26D36A-28CE-410A-B810-1502C0FCB266}.AppStore|iPhoneSimulator.ActiveCfg = Debug|Any CPU
		{DC26D36A-28CE-410A-B810-1502C0FCB266}.AppStore|iPhoneSimulator.Build.0 = Debug|Any CPU
		{DC26D36A-28CE-410A-B810-1502C0FCB266}.AppStore|x64.ActiveCfg = Debug|Any CPU
		{DC26D36A-28CE-410A-B810-1502C0FCB266}.AppStore|x64.Build.0 = Debug|Any CPU
		{DC26D36A-28CE-410A-B810-1502C0FCB266}.AppStore|x86.ActiveCfg = Debug|Any CPU
		{DC26D36A-28CE-410A-B810-1502C0FCB266}.AppStore|x86.Build.0 = Debug|Any CPU
		{DC26D36A-28CE-410A-B810-1502C0FCB266}.Debug|Any CPU.ActiveCfg = Debug|Any CPU
		{DC26D36A-28CE-410A-B810-1502C0FCB266}.Debug|Any CPU.Build.0 = Debug|Any CPU
		{DC26D36A-28CE-410A-B810-1502C0FCB266}.Debug|ARM.ActiveCfg = Debug|Any CPU
		{DC26D36A-28CE-410A-B810-1502C0FCB266}.Debug|ARM.Build.0 = Debug|Any CPU
		{DC26D36A-28CE-410A-B810-1502C0FCB266}.Debug|iPhone.ActiveCfg = Debug|Any CPU
		{DC26D36A-28CE-410A-B810-1502C0FCB266}.Debug|iPhone.Build.0 = Debug|Any CPU
		{DC26D36A-28CE-410A-B810-1502C0FCB266}.Debug|iPhoneSimulator.ActiveCfg = Debug|Any CPU
		{DC26D36A-28CE-410A-B810-1502C0FCB266}.Debug|iPhoneSimulator.Build.0 = Debug|Any CPU
		{DC26D36A-28CE-410A-B810-1502C0FCB266}.Debug|x64.ActiveCfg = Debug|Any CPU
		{DC26D36A-28CE-410A-B810-1502C0FCB266}.Debug|x64.Build.0 = Debug|Any CPU
		{DC26D36A-28CE-410A-B810-1502C0FCB266}.Debug|x86.ActiveCfg = Debug|Any CPU
		{DC26D36A-28CE-410A-B810-1502C0FCB266}.Debug|x86.Build.0 = Debug|Any CPU
		{DC26D36A-28CE-410A-B810-1502C0FCB266}.Release|Any CPU.ActiveCfg = Release|Any CPU
		{DC26D36A-28CE-410A-B810-1502C0FCB266}.Release|Any CPU.Build.0 = Release|Any CPU
		{DC26D36A-28CE-410A-B810-1502C0FCB266}.Release|ARM.ActiveCfg = Release|Any CPU
		{DC26D36A-28CE-410A-B810-1502C0FCB266}.Release|ARM.Build.0 = Release|Any CPU
		{DC26D36A-28CE-410A-B810-1502C0FCB266}.Release|iPhone.ActiveCfg = Release|Any CPU
		{DC26D36A-28CE-410A-B810-1502C0FCB266}.Release|iPhone.Build.0 = Release|Any CPU
		{DC26D36A-28CE-410A-B810-1502C0FCB266}.Release|iPhoneSimulator.ActiveCfg = Release|Any CPU
		{DC26D36A-28CE-410A-B810-1502C0FCB266}.Release|iPhoneSimulator.Build.0 = Release|Any CPU
		{DC26D36A-28CE-410A-B810-1502C0FCB266}.Release|x64.ActiveCfg = Release|Any CPU
		{DC26D36A-28CE-410A-B810-1502C0FCB266}.Release|x64.Build.0 = Release|Any CPU
		{DC26D36A-28CE-410A-B810-1502C0FCB266}.Release|x86.ActiveCfg = Release|Any CPU
		{DC26D36A-28CE-410A-B810-1502C0FCB266}.Release|x86.Build.0 = Release|Any CPU
		{A0547077-0CF6-461D-8A2D-514C4ED89C94}.Ad-Hoc|Any CPU.ActiveCfg = Debug|Any CPU
		{A0547077-0CF6-461D-8A2D-514C4ED89C94}.Ad-Hoc|Any CPU.Build.0 = Debug|Any CPU
		{A0547077-0CF6-461D-8A2D-514C4ED89C94}.Ad-Hoc|ARM.ActiveCfg = Debug|Any CPU
		{A0547077-0CF6-461D-8A2D-514C4ED89C94}.Ad-Hoc|ARM.Build.0 = Debug|Any CPU
		{A0547077-0CF6-461D-8A2D-514C4ED89C94}.Ad-Hoc|iPhone.ActiveCfg = Debug|Any CPU
		{A0547077-0CF6-461D-8A2D-514C4ED89C94}.Ad-Hoc|iPhone.Build.0 = Debug|Any CPU
		{A0547077-0CF6-461D-8A2D-514C4ED89C94}.Ad-Hoc|iPhoneSimulator.ActiveCfg = Debug|Any CPU
		{A0547077-0CF6-461D-8A2D-514C4ED89C94}.Ad-Hoc|iPhoneSimulator.Build.0 = Debug|Any CPU
		{A0547077-0CF6-461D-8A2D-514C4ED89C94}.Ad-Hoc|x64.ActiveCfg = Debug|Any CPU
		{A0547077-0CF6-461D-8A2D-514C4ED89C94}.Ad-Hoc|x64.Build.0 = Debug|Any CPU
		{A0547077-0CF6-461D-8A2D-514C4ED89C94}.Ad-Hoc|x86.ActiveCfg = Debug|Any CPU
		{A0547077-0CF6-461D-8A2D-514C4ED89C94}.Ad-Hoc|x86.Build.0 = Debug|Any CPU
		{A0547077-0CF6-461D-8A2D-514C4ED89C94}.AppStore|Any CPU.ActiveCfg = Debug|Any CPU
		{A0547077-0CF6-461D-8A2D-514C4ED89C94}.AppStore|Any CPU.Build.0 = Debug|Any CPU
		{A0547077-0CF6-461D-8A2D-514C4ED89C94}.AppStore|ARM.ActiveCfg = Debug|Any CPU
		{A0547077-0CF6-461D-8A2D-514C4ED89C94}.AppStore|ARM.Build.0 = Debug|Any CPU
		{A0547077-0CF6-461D-8A2D-514C4ED89C94}.AppStore|iPhone.ActiveCfg = Debug|Any CPU
		{A0547077-0CF6-461D-8A2D-514C4ED89C94}.AppStore|iPhone.Build.0 = Debug|Any CPU
		{A0547077-0CF6-461D-8A2D-514C4ED89C94}.AppStore|iPhoneSimulator.ActiveCfg = Debug|Any CPU
		{A0547077-0CF6-461D-8A2D-514C4ED89C94}.AppStore|iPhoneSimulator.Build.0 = Debug|Any CPU
		{A0547077-0CF6-461D-8A2D-514C4ED89C94}.AppStore|x64.ActiveCfg = Debug|Any CPU
		{A0547077-0CF6-461D-8A2D-514C4ED89C94}.AppStore|x64.Build.0 = Debug|Any CPU
		{A0547077-0CF6-461D-8A2D-514C4ED89C94}.AppStore|x86.ActiveCfg = Debug|Any CPU
		{A0547077-0CF6-461D-8A2D-514C4ED89C94}.AppStore|x86.Build.0 = Debug|Any CPU
		{A0547077-0CF6-461D-8A2D-514C4ED89C94}.Debug|Any CPU.ActiveCfg = Debug|Any CPU
		{A0547077-0CF6-461D-8A2D-514C4ED89C94}.Debug|Any CPU.Build.0 = Debug|Any CPU
		{A0547077-0CF6-461D-8A2D-514C4ED89C94}.Debug|ARM.ActiveCfg = Debug|Any CPU
		{A0547077-0CF6-461D-8A2D-514C4ED89C94}.Debug|ARM.Build.0 = Debug|Any CPU
		{A0547077-0CF6-461D-8A2D-514C4ED89C94}.Debug|iPhone.ActiveCfg = Debug|Any CPU
		{A0547077-0CF6-461D-8A2D-514C4ED89C94}.Debug|iPhone.Build.0 = Debug|Any CPU
		{A0547077-0CF6-461D-8A2D-514C4ED89C94}.Debug|iPhoneSimulator.ActiveCfg = Debug|Any CPU
		{A0547077-0CF6-461D-8A2D-514C4ED89C94}.Debug|iPhoneSimulator.Build.0 = Debug|Any CPU
		{A0547077-0CF6-461D-8A2D-514C4ED89C94}.Debug|x64.ActiveCfg = Debug|Any CPU
		{A0547077-0CF6-461D-8A2D-514C4ED89C94}.Debug|x64.Build.0 = Debug|Any CPU
		{A0547077-0CF6-461D-8A2D-514C4ED89C94}.Debug|x86.ActiveCfg = Debug|Any CPU
		{A0547077-0CF6-461D-8A2D-514C4ED89C94}.Debug|x86.Build.0 = Debug|Any CPU
		{A0547077-0CF6-461D-8A2D-514C4ED89C94}.Release|Any CPU.ActiveCfg = Release|Any CPU
		{A0547077-0CF6-461D-8A2D-514C4ED89C94}.Release|Any CPU.Build.0 = Release|Any CPU
		{A0547077-0CF6-461D-8A2D-514C4ED89C94}.Release|ARM.ActiveCfg = Release|Any CPU
		{A0547077-0CF6-461D-8A2D-514C4ED89C94}.Release|ARM.Build.0 = Release|Any CPU
		{A0547077-0CF6-461D-8A2D-514C4ED89C94}.Release|iPhone.ActiveCfg = Release|Any CPU
		{A0547077-0CF6-461D-8A2D-514C4ED89C94}.Release|iPhone.Build.0 = Release|Any CPU
		{A0547077-0CF6-461D-8A2D-514C4ED89C94}.Release|iPhoneSimulator.ActiveCfg = Release|Any CPU
		{A0547077-0CF6-461D-8A2D-514C4ED89C94}.Release|iPhoneSimulator.Build.0 = Release|Any CPU
		{A0547077-0CF6-461D-8A2D-514C4ED89C94}.Release|x64.ActiveCfg = Release|Any CPU
		{A0547077-0CF6-461D-8A2D-514C4ED89C94}.Release|x64.Build.0 = Release|Any CPU
		{A0547077-0CF6-461D-8A2D-514C4ED89C94}.Release|x86.ActiveCfg = Release|Any CPU
		{A0547077-0CF6-461D-8A2D-514C4ED89C94}.Release|x86.Build.0 = Release|Any CPU
		{147B8D2D-E0C0-415A-8380-7739CC0F581A}.Ad-Hoc|Any CPU.ActiveCfg = Debug|Any CPU
		{147B8D2D-E0C0-415A-8380-7739CC0F581A}.Ad-Hoc|Any CPU.Build.0 = Debug|Any CPU
		{147B8D2D-E0C0-415A-8380-7739CC0F581A}.Ad-Hoc|ARM.ActiveCfg = Debug|Any CPU
		{147B8D2D-E0C0-415A-8380-7739CC0F581A}.Ad-Hoc|ARM.Build.0 = Debug|Any CPU
		{147B8D2D-E0C0-415A-8380-7739CC0F581A}.Ad-Hoc|iPhone.ActiveCfg = Debug|Any CPU
		{147B8D2D-E0C0-415A-8380-7739CC0F581A}.Ad-Hoc|iPhone.Build.0 = Debug|Any CPU
		{147B8D2D-E0C0-415A-8380-7739CC0F581A}.Ad-Hoc|iPhoneSimulator.ActiveCfg = Debug|Any CPU
		{147B8D2D-E0C0-415A-8380-7739CC0F581A}.Ad-Hoc|iPhoneSimulator.Build.0 = Debug|Any CPU
		{147B8D2D-E0C0-415A-8380-7739CC0F581A}.Ad-Hoc|x64.ActiveCfg = Debug|Any CPU
		{147B8D2D-E0C0-415A-8380-7739CC0F581A}.Ad-Hoc|x64.Build.0 = Debug|Any CPU
		{147B8D2D-E0C0-415A-8380-7739CC0F581A}.Ad-Hoc|x86.ActiveCfg = Debug|Any CPU
		{147B8D2D-E0C0-415A-8380-7739CC0F581A}.Ad-Hoc|x86.Build.0 = Debug|Any CPU
		{147B8D2D-E0C0-415A-8380-7739CC0F581A}.AppStore|Any CPU.ActiveCfg = Debug|Any CPU
		{147B8D2D-E0C0-415A-8380-7739CC0F581A}.AppStore|Any CPU.Build.0 = Debug|Any CPU
		{147B8D2D-E0C0-415A-8380-7739CC0F581A}.AppStore|ARM.ActiveCfg = Debug|Any CPU
		{147B8D2D-E0C0-415A-8380-7739CC0F581A}.AppStore|ARM.Build.0 = Debug|Any CPU
		{147B8D2D-E0C0-415A-8380-7739CC0F581A}.AppStore|iPhone.ActiveCfg = Debug|Any CPU
		{147B8D2D-E0C0-415A-8380-7739CC0F581A}.AppStore|iPhone.Build.0 = Debug|Any CPU
		{147B8D2D-E0C0-415A-8380-7739CC0F581A}.AppStore|iPhoneSimulator.ActiveCfg = Debug|Any CPU
		{147B8D2D-E0C0-415A-8380-7739CC0F581A}.AppStore|iPhoneSimulator.Build.0 = Debug|Any CPU
		{147B8D2D-E0C0-415A-8380-7739CC0F581A}.AppStore|x64.ActiveCfg = Debug|Any CPU
		{147B8D2D-E0C0-415A-8380-7739CC0F581A}.AppStore|x64.Build.0 = Debug|Any CPU
		{147B8D2D-E0C0-415A-8380-7739CC0F581A}.AppStore|x86.ActiveCfg = Debug|Any CPU
		{147B8D2D-E0C0-415A-8380-7739CC0F581A}.AppStore|x86.Build.0 = Debug|Any CPU
		{147B8D2D-E0C0-415A-8380-7739CC0F581A}.Debug|Any CPU.ActiveCfg = Debug|Any CPU
		{147B8D2D-E0C0-415A-8380-7739CC0F581A}.Debug|Any CPU.Build.0 = Debug|Any CPU
		{147B8D2D-E0C0-415A-8380-7739CC0F581A}.Debug|ARM.ActiveCfg = Debug|Any CPU
		{147B8D2D-E0C0-415A-8380-7739CC0F581A}.Debug|ARM.Build.0 = Debug|Any CPU
		{147B8D2D-E0C0-415A-8380-7739CC0F581A}.Debug|iPhone.ActiveCfg = Debug|Any CPU
		{147B8D2D-E0C0-415A-8380-7739CC0F581A}.Debug|iPhone.Build.0 = Debug|Any CPU
		{147B8D2D-E0C0-415A-8380-7739CC0F581A}.Debug|iPhoneSimulator.ActiveCfg = Debug|Any CPU
		{147B8D2D-E0C0-415A-8380-7739CC0F581A}.Debug|iPhoneSimulator.Build.0 = Debug|Any CPU
		{147B8D2D-E0C0-415A-8380-7739CC0F581A}.Debug|x64.ActiveCfg = Debug|Any CPU
		{147B8D2D-E0C0-415A-8380-7739CC0F581A}.Debug|x64.Build.0 = Debug|Any CPU
		{147B8D2D-E0C0-415A-8380-7739CC0F581A}.Debug|x86.ActiveCfg = Debug|Any CPU
		{147B8D2D-E0C0-415A-8380-7739CC0F581A}.Debug|x86.Build.0 = Debug|Any CPU
		{147B8D2D-E0C0-415A-8380-7739CC0F581A}.Release|Any CPU.ActiveCfg = Release|Any CPU
		{147B8D2D-E0C0-415A-8380-7739CC0F581A}.Release|Any CPU.Build.0 = Release|Any CPU
		{147B8D2D-E0C0-415A-8380-7739CC0F581A}.Release|ARM.ActiveCfg = Release|Any CPU
		{147B8D2D-E0C0-415A-8380-7739CC0F581A}.Release|ARM.Build.0 = Release|Any CPU
		{147B8D2D-E0C0-415A-8380-7739CC0F581A}.Release|iPhone.ActiveCfg = Release|Any CPU
		{147B8D2D-E0C0-415A-8380-7739CC0F581A}.Release|iPhone.Build.0 = Release|Any CPU
		{147B8D2D-E0C0-415A-8380-7739CC0F581A}.Release|iPhoneSimulator.ActiveCfg = Release|Any CPU
		{147B8D2D-E0C0-415A-8380-7739CC0F581A}.Release|iPhoneSimulator.Build.0 = Release|Any CPU
		{147B8D2D-E0C0-415A-8380-7739CC0F581A}.Release|x64.ActiveCfg = Release|Any CPU
		{147B8D2D-E0C0-415A-8380-7739CC0F581A}.Release|x64.Build.0 = Release|Any CPU
		{147B8D2D-E0C0-415A-8380-7739CC0F581A}.Release|x86.ActiveCfg = Release|Any CPU
		{147B8D2D-E0C0-415A-8380-7739CC0F581A}.Release|x86.Build.0 = Release|Any CPU
		{AF5C0EF6-3675-4A5E-A2F3-DAFF4DDE228D}.Ad-Hoc|Any CPU.ActiveCfg = Debug|Any CPU
		{AF5C0EF6-3675-4A5E-A2F3-DAFF4DDE228D}.Ad-Hoc|Any CPU.Build.0 = Debug|Any CPU
		{AF5C0EF6-3675-4A5E-A2F3-DAFF4DDE228D}.Ad-Hoc|ARM.ActiveCfg = Debug|Any CPU
		{AF5C0EF6-3675-4A5E-A2F3-DAFF4DDE228D}.Ad-Hoc|ARM.Build.0 = Debug|Any CPU
		{AF5C0EF6-3675-4A5E-A2F3-DAFF4DDE228D}.Ad-Hoc|iPhone.ActiveCfg = Debug|Any CPU
		{AF5C0EF6-3675-4A5E-A2F3-DAFF4DDE228D}.Ad-Hoc|iPhone.Build.0 = Debug|Any CPU
		{AF5C0EF6-3675-4A5E-A2F3-DAFF4DDE228D}.Ad-Hoc|iPhoneSimulator.ActiveCfg = Debug|Any CPU
		{AF5C0EF6-3675-4A5E-A2F3-DAFF4DDE228D}.Ad-Hoc|iPhoneSimulator.Build.0 = Debug|Any CPU
		{AF5C0EF6-3675-4A5E-A2F3-DAFF4DDE228D}.Ad-Hoc|x64.ActiveCfg = Debug|Any CPU
		{AF5C0EF6-3675-4A5E-A2F3-DAFF4DDE228D}.Ad-Hoc|x64.Build.0 = Debug|Any CPU
		{AF5C0EF6-3675-4A5E-A2F3-DAFF4DDE228D}.Ad-Hoc|x86.ActiveCfg = Debug|Any CPU
		{AF5C0EF6-3675-4A5E-A2F3-DAFF4DDE228D}.Ad-Hoc|x86.Build.0 = Debug|Any CPU
		{AF5C0EF6-3675-4A5E-A2F3-DAFF4DDE228D}.AppStore|Any CPU.ActiveCfg = Debug|Any CPU
		{AF5C0EF6-3675-4A5E-A2F3-DAFF4DDE228D}.AppStore|Any CPU.Build.0 = Debug|Any CPU
		{AF5C0EF6-3675-4A5E-A2F3-DAFF4DDE228D}.AppStore|ARM.ActiveCfg = Debug|Any CPU
		{AF5C0EF6-3675-4A5E-A2F3-DAFF4DDE228D}.AppStore|ARM.Build.0 = Debug|Any CPU
		{AF5C0EF6-3675-4A5E-A2F3-DAFF4DDE228D}.AppStore|iPhone.ActiveCfg = Debug|Any CPU
		{AF5C0EF6-3675-4A5E-A2F3-DAFF4DDE228D}.AppStore|iPhone.Build.0 = Debug|Any CPU
		{AF5C0EF6-3675-4A5E-A2F3-DAFF4DDE228D}.AppStore|iPhoneSimulator.ActiveCfg = Debug|Any CPU
		{AF5C0EF6-3675-4A5E-A2F3-DAFF4DDE228D}.AppStore|iPhoneSimulator.Build.0 = Debug|Any CPU
		{AF5C0EF6-3675-4A5E-A2F3-DAFF4DDE228D}.AppStore|x64.ActiveCfg = Debug|Any CPU
		{AF5C0EF6-3675-4A5E-A2F3-DAFF4DDE228D}.AppStore|x64.Build.0 = Debug|Any CPU
		{AF5C0EF6-3675-4A5E-A2F3-DAFF4DDE228D}.AppStore|x86.ActiveCfg = Debug|Any CPU
		{AF5C0EF6-3675-4A5E-A2F3-DAFF4DDE228D}.AppStore|x86.Build.0 = Debug|Any CPU
		{AF5C0EF6-3675-4A5E-A2F3-DAFF4DDE228D}.Debug|Any CPU.ActiveCfg = Debug|Any CPU
		{AF5C0EF6-3675-4A5E-A2F3-DAFF4DDE228D}.Debug|Any CPU.Build.0 = Debug|Any CPU
		{AF5C0EF6-3675-4A5E-A2F3-DAFF4DDE228D}.Debug|ARM.ActiveCfg = Debug|Any CPU
		{AF5C0EF6-3675-4A5E-A2F3-DAFF4DDE228D}.Debug|ARM.Build.0 = Debug|Any CPU
		{AF5C0EF6-3675-4A5E-A2F3-DAFF4DDE228D}.Debug|iPhone.ActiveCfg = Debug|Any CPU
		{AF5C0EF6-3675-4A5E-A2F3-DAFF4DDE228D}.Debug|iPhone.Build.0 = Debug|Any CPU
		{AF5C0EF6-3675-4A5E-A2F3-DAFF4DDE228D}.Debug|iPhoneSimulator.ActiveCfg = Debug|Any CPU
		{AF5C0EF6-3675-4A5E-A2F3-DAFF4DDE228D}.Debug|iPhoneSimulator.Build.0 = Debug|Any CPU
		{AF5C0EF6-3675-4A5E-A2F3-DAFF4DDE228D}.Debug|x64.ActiveCfg = Debug|Any CPU
		{AF5C0EF6-3675-4A5E-A2F3-DAFF4DDE228D}.Debug|x64.Build.0 = Debug|Any CPU
		{AF5C0EF6-3675-4A5E-A2F3-DAFF4DDE228D}.Debug|x86.ActiveCfg = Debug|Any CPU
		{AF5C0EF6-3675-4A5E-A2F3-DAFF4DDE228D}.Debug|x86.Build.0 = Debug|Any CPU
		{AF5C0EF6-3675-4A5E-A2F3-DAFF4DDE228D}.Release|Any CPU.ActiveCfg = Release|Any CPU
		{AF5C0EF6-3675-4A5E-A2F3-DAFF4DDE228D}.Release|Any CPU.Build.0 = Release|Any CPU
		{AF5C0EF6-3675-4A5E-A2F3-DAFF4DDE228D}.Release|ARM.ActiveCfg = Release|Any CPU
		{AF5C0EF6-3675-4A5E-A2F3-DAFF4DDE228D}.Release|ARM.Build.0 = Release|Any CPU
		{AF5C0EF6-3675-4A5E-A2F3-DAFF4DDE228D}.Release|iPhone.ActiveCfg = Release|Any CPU
		{AF5C0EF6-3675-4A5E-A2F3-DAFF4DDE228D}.Release|iPhone.Build.0 = Release|Any CPU
		{AF5C0EF6-3675-4A5E-A2F3-DAFF4DDE228D}.Release|iPhoneSimulator.ActiveCfg = Release|Any CPU
		{AF5C0EF6-3675-4A5E-A2F3-DAFF4DDE228D}.Release|iPhoneSimulator.Build.0 = Release|Any CPU
		{AF5C0EF6-3675-4A5E-A2F3-DAFF4DDE228D}.Release|x64.ActiveCfg = Release|Any CPU
		{AF5C0EF6-3675-4A5E-A2F3-DAFF4DDE228D}.Release|x64.Build.0 = Release|Any CPU
		{AF5C0EF6-3675-4A5E-A2F3-DAFF4DDE228D}.Release|x86.ActiveCfg = Release|Any CPU
		{AF5C0EF6-3675-4A5E-A2F3-DAFF4DDE228D}.Release|x86.Build.0 = Release|Any CPU
		{8056E123-04C3-4945-BBEB-9C9B336BB8DD}.Ad-Hoc|Any CPU.ActiveCfg = Debug|Any CPU
		{8056E123-04C3-4945-BBEB-9C9B336BB8DD}.Ad-Hoc|Any CPU.Build.0 = Debug|Any CPU
		{8056E123-04C3-4945-BBEB-9C9B336BB8DD}.Ad-Hoc|ARM.ActiveCfg = Debug|Any CPU
		{8056E123-04C3-4945-BBEB-9C9B336BB8DD}.Ad-Hoc|ARM.Build.0 = Debug|Any CPU
		{8056E123-04C3-4945-BBEB-9C9B336BB8DD}.Ad-Hoc|iPhone.ActiveCfg = Debug|Any CPU
		{8056E123-04C3-4945-BBEB-9C9B336BB8DD}.Ad-Hoc|iPhone.Build.0 = Debug|Any CPU
		{8056E123-04C3-4945-BBEB-9C9B336BB8DD}.Ad-Hoc|iPhoneSimulator.ActiveCfg = Debug|Any CPU
		{8056E123-04C3-4945-BBEB-9C9B336BB8DD}.Ad-Hoc|iPhoneSimulator.Build.0 = Debug|Any CPU
		{8056E123-04C3-4945-BBEB-9C9B336BB8DD}.Ad-Hoc|x64.ActiveCfg = Debug|Any CPU
		{8056E123-04C3-4945-BBEB-9C9B336BB8DD}.Ad-Hoc|x64.Build.0 = Debug|Any CPU
		{8056E123-04C3-4945-BBEB-9C9B336BB8DD}.Ad-Hoc|x86.ActiveCfg = Debug|Any CPU
		{8056E123-04C3-4945-BBEB-9C9B336BB8DD}.Ad-Hoc|x86.Build.0 = Debug|Any CPU
		{8056E123-04C3-4945-BBEB-9C9B336BB8DD}.AppStore|Any CPU.ActiveCfg = Debug|Any CPU
		{8056E123-04C3-4945-BBEB-9C9B336BB8DD}.AppStore|Any CPU.Build.0 = Debug|Any CPU
		{8056E123-04C3-4945-BBEB-9C9B336BB8DD}.AppStore|ARM.ActiveCfg = Debug|Any CPU
		{8056E123-04C3-4945-BBEB-9C9B336BB8DD}.AppStore|ARM.Build.0 = Debug|Any CPU
		{8056E123-04C3-4945-BBEB-9C9B336BB8DD}.AppStore|iPhone.ActiveCfg = Debug|Any CPU
		{8056E123-04C3-4945-BBEB-9C9B336BB8DD}.AppStore|iPhone.Build.0 = Debug|Any CPU
		{8056E123-04C3-4945-BBEB-9C9B336BB8DD}.AppStore|iPhoneSimulator.ActiveCfg = Debug|Any CPU
		{8056E123-04C3-4945-BBEB-9C9B336BB8DD}.AppStore|iPhoneSimulator.Build.0 = Debug|Any CPU
		{8056E123-04C3-4945-BBEB-9C9B336BB8DD}.AppStore|x64.ActiveCfg = Debug|Any CPU
		{8056E123-04C3-4945-BBEB-9C9B336BB8DD}.AppStore|x64.Build.0 = Debug|Any CPU
		{8056E123-04C3-4945-BBEB-9C9B336BB8DD}.AppStore|x86.ActiveCfg = Debug|Any CPU
		{8056E123-04C3-4945-BBEB-9C9B336BB8DD}.AppStore|x86.Build.0 = Debug|Any CPU
		{8056E123-04C3-4945-BBEB-9C9B336BB8DD}.Debug|Any CPU.ActiveCfg = Debug|Any CPU
		{8056E123-04C3-4945-BBEB-9C9B336BB8DD}.Debug|Any CPU.Build.0 = Debug|Any CPU
		{8056E123-04C3-4945-BBEB-9C9B336BB8DD}.Debug|ARM.ActiveCfg = Debug|Any CPU
		{8056E123-04C3-4945-BBEB-9C9B336BB8DD}.Debug|ARM.Build.0 = Debug|Any CPU
		{8056E123-04C3-4945-BBEB-9C9B336BB8DD}.Debug|iPhone.ActiveCfg = Debug|Any CPU
		{8056E123-04C3-4945-BBEB-9C9B336BB8DD}.Debug|iPhone.Build.0 = Debug|Any CPU
		{8056E123-04C3-4945-BBEB-9C9B336BB8DD}.Debug|iPhoneSimulator.ActiveCfg = Debug|Any CPU
		{8056E123-04C3-4945-BBEB-9C9B336BB8DD}.Debug|iPhoneSimulator.Build.0 = Debug|Any CPU
		{8056E123-04C3-4945-BBEB-9C9B336BB8DD}.Debug|x64.ActiveCfg = Debug|Any CPU
		{8056E123-04C3-4945-BBEB-9C9B336BB8DD}.Debug|x64.Build.0 = Debug|Any CPU
		{8056E123-04C3-4945-BBEB-9C9B336BB8DD}.Debug|x86.ActiveCfg = Debug|Any CPU
		{8056E123-04C3-4945-BBEB-9C9B336BB8DD}.Debug|x86.Build.0 = Debug|Any CPU
		{8056E123-04C3-4945-BBEB-9C9B336BB8DD}.Release|Any CPU.ActiveCfg = Release|Any CPU
		{8056E123-04C3-4945-BBEB-9C9B336BB8DD}.Release|Any CPU.Build.0 = Release|Any CPU
		{8056E123-04C3-4945-BBEB-9C9B336BB8DD}.Release|ARM.ActiveCfg = Release|Any CPU
		{8056E123-04C3-4945-BBEB-9C9B336BB8DD}.Release|ARM.Build.0 = Release|Any CPU
		{8056E123-04C3-4945-BBEB-9C9B336BB8DD}.Release|iPhone.ActiveCfg = Release|Any CPU
		{8056E123-04C3-4945-BBEB-9C9B336BB8DD}.Release|iPhone.Build.0 = Release|Any CPU
		{8056E123-04C3-4945-BBEB-9C9B336BB8DD}.Release|iPhoneSimulator.ActiveCfg = Release|Any CPU
		{8056E123-04C3-4945-BBEB-9C9B336BB8DD}.Release|iPhoneSimulator.Build.0 = Release|Any CPU
		{8056E123-04C3-4945-BBEB-9C9B336BB8DD}.Release|x64.ActiveCfg = Release|Any CPU
		{8056E123-04C3-4945-BBEB-9C9B336BB8DD}.Release|x64.Build.0 = Release|Any CPU
		{8056E123-04C3-4945-BBEB-9C9B336BB8DD}.Release|x86.ActiveCfg = Release|Any CPU
		{8056E123-04C3-4945-BBEB-9C9B336BB8DD}.Release|x86.Build.0 = Release|Any CPU
	EndGlobalSection
	GlobalSection(SolutionProperties) = preSolution
		HideSolutionNode = FALSE
	EndGlobalSection
	GlobalSection(NestedProjects) = preSolution
		{991CD768-F51F-42D1-8BC7-1E41248AF04C} = {BD063047-9AA2-4794-A503-44448615ACE2}
		{C5D412FA-2566-4550-8175-2F068FEC44FC} = {BD063047-9AA2-4794-A503-44448615ACE2}
		{DC26D36A-28CE-410A-B810-1502C0FCB266} = {4C43174E-916C-4B9C-82BC-ACAA67AF790C}
		{2EA0A2A6-18D1-440E-BE91-F2CF3174DF21} = {7C293EF0-430C-4262-BD46-07137D7B24CD}
		{A0547077-0CF6-461D-8A2D-514C4ED89C94} = {315C6960-1999-4421-A659-4E4CCA9E2F9A}
		{147B8D2D-E0C0-415A-8380-7739CC0F581A} = {315C6960-1999-4421-A659-4E4CCA9E2F9A}
		{BD063047-9AA2-4794-A503-44448615ACE2} = {7C293EF0-430C-4262-BD46-07137D7B24CD}
		{315C6960-1999-4421-A659-4E4CCA9E2F9A} = {7C293EF0-430C-4262-BD46-07137D7B24CD}
		{AF5C0EF6-3675-4A5E-A2F3-DAFF4DDE228D} = {315C6960-1999-4421-A659-4E4CCA9E2F9A}
		{8056E123-04C3-4945-BBEB-9C9B336BB8DD} = {AF4ACA45-07FD-4513-A3F5-E3649334396F}
	EndGlobalSection
	GlobalSection(ExtensibilityGlobals) = postSolution
		SolutionGuid = {4360498B-9736-46A3-91A5-ED52861BDCD8}
	EndGlobalSection
EndGlobal
