
Microsoft Visual Studio Solution File, Format Version 12.00
# Visual Studio 15
VisualStudioVersion = 15.0.27004.2009
MinimumVisualStudioVersion = 10.0.40219.1
Project("{2150E333-8FDC-42A3-9474-1A3956D46DE8}") = "Services", "Services", "{04674755-6433-49AE-8A43-BA1337AADF7B}"
EndProject
Project("{2150E333-8FDC-42A3-9474-1A3956D46DE8}") = "Identity", "Identity", "{87F57139-5CD7-4E43-8307-A00DDD19F09B}"
EndProject
Project("{9A19103F-16F7-4668-BE54-9A1E7A4F7556}") = "Identity.API", "Server\Services\Identity\Identity.API\Identity.API.csproj", "{40FA881D-199E-42BB-83FD-4C1B3F8EFC35}"
EndProject
Project("{9A19103F-16F7-4668-BE54-9A1E7A4F7556}") = "Identity.API.UnitTests", "Server\Services\Identity\Identity.API.UnitTests\Identity.API.UnitTests.csproj", "{6AE4FCCF-9A5D-4C31-86AD-20920F782AE3}"
EndProject
Project("{9A19103F-16F7-4668-BE54-9A1E7A4F7556}") = "Identity.API.IntegrationTests", "Server\Services\Identity\Identity.API.IntegrationTests\Identity.API.IntegrationTests.csproj", "{20109ECD-4D26-4227-A9FB-0AABF9D16AC7}"
EndProject
Project("{2150E333-8FDC-42A3-9474-1A3956D46DE8}") = "Ordering", "Ordering", "{8982DA0F-957E-4045-8F06-BB85EFA8E785}"
EndProject
Project("{9A19103F-16F7-4668-BE54-9A1E7A4F7556}") = "Ordering.API", "Server\Services\Ordering\Ordering.API\Ordering.API.csproj", "{C5FC15CB-E950-4477-BFF7-3880870A371C}"
EndProject
Project("{2150E333-8FDC-42A3-9474-1A3956D46DE8}") = "Menu", "Menu", "{2FD8ECBF-0A1E-446E-8375-CCEEAF7141EB}"
EndProject
Project("{2150E333-8FDC-42A3-9474-1A3956D46DE8}") = "Price", "Price", "{13D3DFAB-E7B2-4006-8A03-045DF29B118E}"
EndProject
Project("{9A19103F-16F7-4668-BE54-9A1E7A4F7556}") = "Price.API", "Server\Services\Price\Price.API\Price.API.csproj", "{B4A651C9-59F8-4DD1-BA35-9AA7976B4CCC}"
EndProject
Project("{9A19103F-16F7-4668-BE54-9A1E7A4F7556}") = "Menu.API", "Server\Services\Menu\Menu.API\Menu.API.csproj", "{D2303CF7-0F81-47B3-B480-7095FB92C2ED}"
EndProject
Project("{2150E333-8FDC-42A3-9474-1A3956D46DE8}") = "Basket", "Basket", "{D9FE3B27-91F7-4E18-B14A-926B7C6F0E5D}"
EndProject
Project("{9A19103F-16F7-4668-BE54-9A1E7A4F7556}") = "Basket.API", "Server\Services\Basket\Basket.API\Basket.API.csproj", "{0071811B-0C83-40E8-B4E3-AC9FDAE9AE2B}"
EndProject
Project("{2150E333-8FDC-42A3-9474-1A3956D46DE8}") = "BuildingBlocks", "BuildingBlocks", "{53BE2C89-E930-499C-9304-9BF1DA7060F0}"
EndProject
Project("{9A19103F-16F7-4668-BE54-9A1E7A4F7556}") = "WebHost.Customization", "Server\BuildingBlocks\WebHostCustomization\WebHost.Customization\WebHost.Customization.csproj", "{76088999-B202-4769-8D5B-0E62E7713E5A}"
EndProject
Project("{2150E333-8FDC-42A3-9474-1A3956D46DE8}") = "WebHost", "WebHost", "{12E9C632-CF8A-4763-8ECC-D08982F6AE4B}"
EndProject
Project("{9A19103F-16F7-4668-BE54-9A1E7A4F7556}") = "BaseUnitTests", "Server\BuildingBlocks\Testing\BaseUnitTests\BaseUnitTests.csproj", "{5DC6141B-1DCF-44B6-B2D4-C17018483D75}"
EndProject
Project("{2150E333-8FDC-42A3-9474-1A3956D46DE8}") = "Testing", "Testing", "{B2D2078A-A5B7-4990-A75A-3C6F18BF0F36}"
EndProject
Project("{9A19103F-16F7-4668-BE54-9A1E7A4F7556}") = "Ordering.API.UnitTests", "Server\Services\Ordering\Ordering.API.UnitTests\Ordering.API.UnitTests.csproj", "{5C07C381-EE21-42C3-A742-632BA4BA89F4}"
EndProject
Project("{9A19103F-16F7-4668-BE54-9A1E7A4F7556}") = "Menu.API.UnitTests", "Server\Services\Menu\Menu.API.UnitTests\Menu.API.UnitTests.csproj", "{75A7E855-0BD8-4AFC-85C4-88ACD45D0155}"
EndProject
Project("{2150E333-8FDC-42A3-9474-1A3956D46DE8}") = "Common", "Common", "{F3712466-251B-436E-A612-84ED65819032}"
EndProject
Project("{9A19103F-16F7-4668-BE54-9A1E7A4F7556}") = "Services.Core", "Server\BuildingBlocks\Common\Services.Core\Services.Core.csproj", "{E76FD62E-63D6-483D-AF7C-2E8E5F734BB3}"
EndProject
Global
	GlobalSection(SolutionConfigurationPlatforms) = preSolution
		Debug|Any CPU = Debug|Any CPU
		Release|Any CPU = Release|Any CPU
	EndGlobalSection
	GlobalSection(ProjectConfigurationPlatforms) = postSolution
		{40FA881D-199E-42BB-83FD-4C1B3F8EFC35}.Debug|Any CPU.ActiveCfg = Debug|Any CPU
		{40FA881D-199E-42BB-83FD-4C1B3F8EFC35}.Debug|Any CPU.Build.0 = Debug|Any CPU
		{40FA881D-199E-42BB-83FD-4C1B3F8EFC35}.Release|Any CPU.ActiveCfg = Release|Any CPU
		{40FA881D-199E-42BB-83FD-4C1B3F8EFC35}.Release|Any CPU.Build.0 = Release|Any CPU
		{6AE4FCCF-9A5D-4C31-86AD-20920F782AE3}.Debug|Any CPU.ActiveCfg = Debug|Any CPU
		{6AE4FCCF-9A5D-4C31-86AD-20920F782AE3}.Debug|Any CPU.Build.0 = Debug|Any CPU
		{6AE4FCCF-9A5D-4C31-86AD-20920F782AE3}.Release|Any CPU.ActiveCfg = Release|Any CPU
		{6AE4FCCF-9A5D-4C31-86AD-20920F782AE3}.Release|Any CPU.Build.0 = Release|Any CPU
		{20109ECD-4D26-4227-A9FB-0AABF9D16AC7}.Debug|Any CPU.ActiveCfg = Debug|Any CPU
		{20109ECD-4D26-4227-A9FB-0AABF9D16AC7}.Debug|Any CPU.Build.0 = Debug|Any CPU
		{20109ECD-4D26-4227-A9FB-0AABF9D16AC7}.Release|Any CPU.ActiveCfg = Release|Any CPU
		{20109ECD-4D26-4227-A9FB-0AABF9D16AC7}.Release|Any CPU.Build.0 = Release|Any CPU
		{C5FC15CB-E950-4477-BFF7-3880870A371C}.Debug|Any CPU.ActiveCfg = Debug|Any CPU
		{C5FC15CB-E950-4477-BFF7-3880870A371C}.Debug|Any CPU.Build.0 = Debug|Any CPU
		{C5FC15CB-E950-4477-BFF7-3880870A371C}.Release|Any CPU.ActiveCfg = Release|Any CPU
		{C5FC15CB-E950-4477-BFF7-3880870A371C}.Release|Any CPU.Build.0 = Release|Any CPU
		{B4A651C9-59F8-4DD1-BA35-9AA7976B4CCC}.Debug|Any CPU.ActiveCfg = Debug|Any CPU
		{B4A651C9-59F8-4DD1-BA35-9AA7976B4CCC}.Debug|Any CPU.Build.0 = Debug|Any CPU
		{B4A651C9-59F8-4DD1-BA35-9AA7976B4CCC}.Release|Any CPU.ActiveCfg = Release|Any CPU
		{B4A651C9-59F8-4DD1-BA35-9AA7976B4CCC}.Release|Any CPU.Build.0 = Release|Any CPU
		{D2303CF7-0F81-47B3-B480-7095FB92C2ED}.Debug|Any CPU.ActiveCfg = Debug|Any CPU
		{D2303CF7-0F81-47B3-B480-7095FB92C2ED}.Debug|Any CPU.Build.0 = Debug|Any CPU
		{D2303CF7-0F81-47B3-B480-7095FB92C2ED}.Release|Any CPU.ActiveCfg = Release|Any CPU
		{D2303CF7-0F81-47B3-B480-7095FB92C2ED}.Release|Any CPU.Build.0 = Release|Any CPU
		{0071811B-0C83-40E8-B4E3-AC9FDAE9AE2B}.Debug|Any CPU.ActiveCfg = Debug|Any CPU
		{0071811B-0C83-40E8-B4E3-AC9FDAE9AE2B}.Debug|Any CPU.Build.0 = Debug|Any CPU
		{0071811B-0C83-40E8-B4E3-AC9FDAE9AE2B}.Release|Any CPU.ActiveCfg = Release|Any CPU
		{0071811B-0C83-40E8-B4E3-AC9FDAE9AE2B}.Release|Any CPU.Build.0 = Release|Any CPU
		{76088999-B202-4769-8D5B-0E62E7713E5A}.Debug|Any CPU.ActiveCfg = Debug|Any CPU
		{76088999-B202-4769-8D5B-0E62E7713E5A}.Debug|Any CPU.Build.0 = Debug|Any CPU
		{76088999-B202-4769-8D5B-0E62E7713E5A}.Release|Any CPU.ActiveCfg = Release|Any CPU
		{76088999-B202-4769-8D5B-0E62E7713E5A}.Release|Any CPU.Build.0 = Release|Any CPU
		{5DC6141B-1DCF-44B6-B2D4-C17018483D75}.Debug|Any CPU.ActiveCfg = Debug|Any CPU
		{5DC6141B-1DCF-44B6-B2D4-C17018483D75}.Debug|Any CPU.Build.0 = Debug|Any CPU
		{5DC6141B-1DCF-44B6-B2D4-C17018483D75}.Release|Any CPU.ActiveCfg = Release|Any CPU
		{5DC6141B-1DCF-44B6-B2D4-C17018483D75}.Release|Any CPU.Build.0 = Release|Any CPU
		{5C07C381-EE21-42C3-A742-632BA4BA89F4}.Debug|Any CPU.ActiveCfg = Debug|Any CPU
		{5C07C381-EE21-42C3-A742-632BA4BA89F4}.Debug|Any CPU.Build.0 = Debug|Any CPU
		{5C07C381-EE21-42C3-A742-632BA4BA89F4}.Release|Any CPU.ActiveCfg = Release|Any CPU
		{5C07C381-EE21-42C3-A742-632BA4BA89F4}.Release|Any CPU.Build.0 = Release|Any CPU
		{75A7E855-0BD8-4AFC-85C4-88ACD45D0155}.Debug|Any CPU.ActiveCfg = Debug|Any CPU
		{75A7E855-0BD8-4AFC-85C4-88ACD45D0155}.Debug|Any CPU.Build.0 = Debug|Any CPU
		{75A7E855-0BD8-4AFC-85C4-88ACD45D0155}.Release|Any CPU.ActiveCfg = Release|Any CPU
		{75A7E855-0BD8-4AFC-85C4-88ACD45D0155}.Release|Any CPU.Build.0 = Release|Any CPU
		{E76FD62E-63D6-483D-AF7C-2E8E5F734BB3}.Debug|Any CPU.ActiveCfg = Debug|Any CPU
		{E76FD62E-63D6-483D-AF7C-2E8E5F734BB3}.Debug|Any CPU.Build.0 = Debug|Any CPU
		{E76FD62E-63D6-483D-AF7C-2E8E5F734BB3}.Release|Any CPU.ActiveCfg = Release|Any CPU
		{E76FD62E-63D6-483D-AF7C-2E8E5F734BB3}.Release|Any CPU.Build.0 = Release|Any CPU
	EndGlobalSection
	GlobalSection(SolutionProperties) = preSolution
		HideSolutionNode = FALSE
	EndGlobalSection
	GlobalSection(NestedProjects) = preSolution
		{87F57139-5CD7-4E43-8307-A00DDD19F09B} = {04674755-6433-49AE-8A43-BA1337AADF7B}
		{40FA881D-199E-42BB-83FD-4C1B3F8EFC35} = {87F57139-5CD7-4E43-8307-A00DDD19F09B}
		{6AE4FCCF-9A5D-4C31-86AD-20920F782AE3} = {87F57139-5CD7-4E43-8307-A00DDD19F09B}
		{20109ECD-4D26-4227-A9FB-0AABF9D16AC7} = {87F57139-5CD7-4E43-8307-A00DDD19F09B}
		{8982DA0F-957E-4045-8F06-BB85EFA8E785} = {04674755-6433-49AE-8A43-BA1337AADF7B}
		{C5FC15CB-E950-4477-BFF7-3880870A371C} = {8982DA0F-957E-4045-8F06-BB85EFA8E785}
		{2FD8ECBF-0A1E-446E-8375-CCEEAF7141EB} = {04674755-6433-49AE-8A43-BA1337AADF7B}
		{13D3DFAB-E7B2-4006-8A03-045DF29B118E} = {04674755-6433-49AE-8A43-BA1337AADF7B}
		{B4A651C9-59F8-4DD1-BA35-9AA7976B4CCC} = {13D3DFAB-E7B2-4006-8A03-045DF29B118E}
		{D2303CF7-0F81-47B3-B480-7095FB92C2ED} = {2FD8ECBF-0A1E-446E-8375-CCEEAF7141EB}
		{D9FE3B27-91F7-4E18-B14A-926B7C6F0E5D} = {04674755-6433-49AE-8A43-BA1337AADF7B}
		{0071811B-0C83-40E8-B4E3-AC9FDAE9AE2B} = {D9FE3B27-91F7-4E18-B14A-926B7C6F0E5D}
		{76088999-B202-4769-8D5B-0E62E7713E5A} = {12E9C632-CF8A-4763-8ECC-D08982F6AE4B}
		{12E9C632-CF8A-4763-8ECC-D08982F6AE4B} = {53BE2C89-E930-499C-9304-9BF1DA7060F0}
		{5DC6141B-1DCF-44B6-B2D4-C17018483D75} = {B2D2078A-A5B7-4990-A75A-3C6F18BF0F36}
		{B2D2078A-A5B7-4990-A75A-3C6F18BF0F36} = {53BE2C89-E930-499C-9304-9BF1DA7060F0}
		{5C07C381-EE21-42C3-A742-632BA4BA89F4} = {8982DA0F-957E-4045-8F06-BB85EFA8E785}
		{75A7E855-0BD8-4AFC-85C4-88ACD45D0155} = {2FD8ECBF-0A1E-446E-8375-CCEEAF7141EB}
		{F3712466-251B-436E-A612-84ED65819032} = {53BE2C89-E930-499C-9304-9BF1DA7060F0}
		{E76FD62E-63D6-483D-AF7C-2E8E5F734BB3} = {F3712466-251B-436E-A612-84ED65819032}
	EndGlobalSection
	GlobalSection(ExtensibilityGlobals) = postSolution
		SolutionGuid = {1F1DD179-49CB-47E2-AD46-265A7FF799FA}
	EndGlobalSection
EndGlobal
