
Microsoft Visual Studio Solution File, Format Version 12.00
# Visual Studio 15
VisualStudioVersion = 15.0.27004.2009
MinimumVisualStudioVersion = 10.0.40219.1
Project("{2150E333-8FDC-42A3-9474-1A3956D46DE8}") = "Tests", "Tests", "{B1792D31-E4CE-45B9-8731-90A6E6FE7BF6}"
EndProject
Project("{2150E333-8FDC-42A3-9474-1A3956D46DE8}") = "Common", "Common", "{F8E0DECE-D2E6-4C7F-B1B5-43AAC7EDD9D1}"
EndProject
Project("{9A19103F-16F7-4668-BE54-9A1E7A4F7556}") = "Restaurant.Common", "Common\Restaurant.Common\Restaurant.Common.csproj", "{16A8E6B1-081E-40BE-8F0B-EE4F5CE24FC0}"
EndProject
Project("{9A19103F-16F7-4668-BE54-9A1E7A4F7556}") = "Restaurant.Server.Api.UnitTests", "Server\Tests\Restaurant.Server.Api.UnitTests\Restaurant.Server.Api.UnitTests.csproj", "{4C501927-F8A6-41F7-B70F-F9F73E0EB809}"
EndProject
Project("{9A19103F-16F7-4668-BE54-9A1E7A4F7556}") = "Restaurant.Server.Api", "Server\Restaurant.Server.Api\Restaurant.Server.Api.csproj", "{495EDEC4-DC22-4A57-ABBC-0CB7FE46B4C9}"
EndProject
Project("{9A19103F-16F7-4668-BE54-9A1E7A4F7556}") = "Restaurant.Server.Api.IntegrationTests", "Server\Tests\Restaurant.Server.Api.IntegrationTests\Restaurant.Server.Api.IntegrationTests.csproj", "{6B63E65E-CBEF-460B-A556-CD3E60EB2DCF}"
EndProject
Global
	GlobalSection(SolutionConfigurationPlatforms) = preSolution
		Debug|Any CPU = Debug|Any CPU
		Release|Any CPU = Release|Any CPU
	EndGlobalSection
	GlobalSection(ProjectConfigurationPlatforms) = postSolution
		{16A8E6B1-081E-40BE-8F0B-EE4F5CE24FC0}.Debug|Any CPU.ActiveCfg = Debug|Any CPU
		{16A8E6B1-081E-40BE-8F0B-EE4F5CE24FC0}.Debug|Any CPU.Build.0 = Debug|Any CPU
		{16A8E6B1-081E-40BE-8F0B-EE4F5CE24FC0}.Release|Any CPU.ActiveCfg = Release|Any CPU
		{16A8E6B1-081E-40BE-8F0B-EE4F5CE24FC0}.Release|Any CPU.Build.0 = Release|Any CPU
		{4C501927-F8A6-41F7-B70F-F9F73E0EB809}.Debug|Any CPU.ActiveCfg = Debug|Any CPU
		{4C501927-F8A6-41F7-B70F-F9F73E0EB809}.Debug|Any CPU.Build.0 = Debug|Any CPU
		{4C501927-F8A6-41F7-B70F-F9F73E0EB809}.Release|Any CPU.ActiveCfg = Release|Any CPU
		{4C501927-F8A6-41F7-B70F-F9F73E0EB809}.Release|Any CPU.Build.0 = Release|Any CPU
		{495EDEC4-DC22-4A57-ABBC-0CB7FE46B4C9}.Debug|Any CPU.ActiveCfg = Debug|Any CPU
		{495EDEC4-DC22-4A57-ABBC-0CB7FE46B4C9}.Debug|Any CPU.Build.0 = Debug|Any CPU
		{495EDEC4-DC22-4A57-ABBC-0CB7FE46B4C9}.Release|Any CPU.ActiveCfg = Release|Any CPU
		{495EDEC4-DC22-4A57-ABBC-0CB7FE46B4C9}.Release|Any CPU.Build.0 = Release|Any CPU
		{6B63E65E-CBEF-460B-A556-CD3E60EB2DCF}.Debug|Any CPU.ActiveCfg = Debug|Any CPU
		{6B63E65E-CBEF-460B-A556-CD3E60EB2DCF}.Debug|Any CPU.Build.0 = Debug|Any CPU
		{6B63E65E-CBEF-460B-A556-CD3E60EB2DCF}.Release|Any CPU.ActiveCfg = Release|Any CPU
		{6B63E65E-CBEF-460B-A556-CD3E60EB2DCF}.Release|Any CPU.Build.0 = Release|Any CPU
	EndGlobalSection
	GlobalSection(SolutionProperties) = preSolution
		HideSolutionNode = FALSE
	EndGlobalSection
	GlobalSection(NestedProjects) = preSolution
		{16A8E6B1-081E-40BE-8F0B-EE4F5CE24FC0} = {F8E0DECE-D2E6-4C7F-B1B5-43AAC7EDD9D1}
		{4C501927-F8A6-41F7-B70F-F9F73E0EB809} = {B1792D31-E4CE-45B9-8731-90A6E6FE7BF6}
		{6B63E65E-CBEF-460B-A556-CD3E60EB2DCF} = {B1792D31-E4CE-45B9-8731-90A6E6FE7BF6}
	EndGlobalSection
	GlobalSection(ExtensibilityGlobals) = postSolution
		SolutionGuid = {1F1DD179-49CB-47E2-AD46-265A7FF799FA}
	EndGlobalSection
EndGlobal
